
Microsoft Visual Studio Solution File, Format Version 12.00
# Visual Studio 2013
VisualStudioVersion = 12.0.31101.0
MinimumVisualStudioVersion = 10.0.40219.1
Project("{FAE04EC0-301F-11D3-BF4B-00C04F79EFBC}") = "NGraphics.Test", "NGraphics.Test\NGraphics.Test.csproj", "{D8259A30-0714-4160-89AF-0C644551DF3B}"
EndProject
Project("{FAE04EC0-301F-11D3-BF4B-00C04F79EFBC}") = "NGraphics.Net", "Platforms\NGraphics.Net\NGraphics.Net.csproj", "{D59E8B57-9EC9-46FC-9E74-02FD6F2AA6FD}"
EndProject
Project("{FAE04EC0-301F-11D3-BF4B-00C04F79EFBC}") = "NGraphics", "NGraphics\NGraphics.csproj", "{4EA643B9-84F6-4AD4-B89E-AE230A7461B8}"
EndProject
Project("{FAE04EC0-301F-11D3-BF4B-00C04F79EFBC}") = "NGraphics.Net.Test", "Platforms\NGraphics.Net.Test\NGraphics.Net.Test.csproj", "{8E435CF3-C669-41BF-9768-7A40EBD21CC5}"
EndProject
Global
	GlobalSection(SolutionConfigurationPlatforms) = preSolution
		Ad-Hoc|Any CPU = Ad-Hoc|Any CPU
		Ad-Hoc|iPhone = Ad-Hoc|iPhone
		Ad-Hoc|iPhoneSimulator = Ad-Hoc|iPhoneSimulator
		AppStore|Any CPU = AppStore|Any CPU
		AppStore|iPhone = AppStore|iPhone
		AppStore|iPhoneSimulator = AppStore|iPhoneSimulator
		Debug|Any CPU = Debug|Any CPU
		Debug|iPhone = Debug|iPhone
		Debug|iPhoneSimulator = Debug|iPhoneSimulator
		Release|Any CPU = Release|Any CPU
		Release|iPhone = Release|iPhone
		Release|iPhoneSimulator = Release|iPhoneSimulator
	EndGlobalSection
	GlobalSection(ProjectConfigurationPlatforms) = postSolution
		{D8259A30-0714-4160-89AF-0C644551DF3B}.Ad-Hoc|Any CPU.ActiveCfg = Release|Any CPU
		{D8259A30-0714-4160-89AF-0C644551DF3B}.Ad-Hoc|Any CPU.Build.0 = Release|Any CPU
		{D8259A30-0714-4160-89AF-0C644551DF3B}.Ad-Hoc|iPhone.ActiveCfg = Debug|Any CPU
		{D8259A30-0714-4160-89AF-0C644551DF3B}.Ad-Hoc|iPhone.Build.0 = Debug|Any CPU
		{D8259A30-0714-4160-89AF-0C644551DF3B}.Ad-Hoc|iPhoneSimulator.ActiveCfg = Release|Any CPU
		{D8259A30-0714-4160-89AF-0C644551DF3B}.AppStore|Any CPU.ActiveCfg = Debug|Any CPU
		{D8259A30-0714-4160-89AF-0C644551DF3B}.AppStore|Any CPU.Build.0 = Debug|Any CPU
		{D8259A30-0714-4160-89AF-0C644551DF3B}.AppStore|iPhone.ActiveCfg = Debug|Any CPU
		{D8259A30-0714-4160-89AF-0C644551DF3B}.AppStore|iPhone.Build.0 = Debug|Any CPU
		{D8259A30-0714-4160-89AF-0C644551DF3B}.AppStore|iPhoneSimulator.ActiveCfg = Release|Any CPU
		{D8259A30-0714-4160-89AF-0C644551DF3B}.Debug|Any CPU.ActiveCfg = Debug|Any CPU
		{D8259A30-0714-4160-89AF-0C644551DF3B}.Debug|Any CPU.Build.0 = Debug|Any CPU
		{D8259A30-0714-4160-89AF-0C644551DF3B}.Debug|iPhone.ActiveCfg = Debug|Any CPU
		{D8259A30-0714-4160-89AF-0C644551DF3B}.Debug|iPhone.Build.0 = Debug|Any CPU
		{D8259A30-0714-4160-89AF-0C644551DF3B}.Debug|iPhoneSimulator.ActiveCfg = Debug|Any CPU
		{D8259A30-0714-4160-89AF-0C644551DF3B}.Debug|iPhoneSimulator.Build.0 = Debug|Any CPU
		{D8259A30-0714-4160-89AF-0C644551DF3B}.Release|Any CPU.ActiveCfg = Release|Any CPU
		{D8259A30-0714-4160-89AF-0C644551DF3B}.Release|Any CPU.Build.0 = Release|Any CPU
		{D8259A30-0714-4160-89AF-0C644551DF3B}.Release|iPhone.ActiveCfg = Release|Any CPU
		{D8259A30-0714-4160-89AF-0C644551DF3B}.Release|iPhone.Build.0 = Release|Any CPU
		{D8259A30-0714-4160-89AF-0C644551DF3B}.Release|iPhoneSimulator.ActiveCfg = Release|Any CPU
		{D8259A30-0714-4160-89AF-0C644551DF3B}.Release|iPhoneSimulator.Build.0 = Release|Any CPU
		{D59E8B57-9EC9-46FC-9E74-02FD6F2AA6FD}.Ad-Hoc|Any CPU.ActiveCfg = Release|Any CPU
		{D59E8B57-9EC9-46FC-9E74-02FD6F2AA6FD}.Ad-Hoc|Any CPU.Build.0 = Release|Any CPU
		{D59E8B57-9EC9-46FC-9E74-02FD6F2AA6FD}.Ad-Hoc|iPhone.ActiveCfg = Debug|Any CPU
		{D59E8B57-9EC9-46FC-9E74-02FD6F2AA6FD}.Ad-Hoc|iPhone.Build.0 = Debug|Any CPU
		{D59E8B57-9EC9-46FC-9E74-02FD6F2AA6FD}.Ad-Hoc|iPhoneSimulator.ActiveCfg = Release|Any CPU
		{D59E8B57-9EC9-46FC-9E74-02FD6F2AA6FD}.AppStore|Any CPU.ActiveCfg = Release|Any CPU
		{D59E8B57-9EC9-46FC-9E74-02FD6F2AA6FD}.AppStore|Any CPU.Build.0 = Release|Any CPU
		{D59E8B57-9EC9-46FC-9E74-02FD6F2AA6FD}.AppStore|iPhone.ActiveCfg = Debug|Any CPU
		{D59E8B57-9EC9-46FC-9E74-02FD6F2AA6FD}.AppStore|iPhone.Build.0 = Debug|Any CPU
		{D59E8B57-9EC9-46FC-9E74-02FD6F2AA6FD}.AppStore|iPhoneSimulator.ActiveCfg = Release|Any CPU
		{D59E8B57-9EC9-46FC-9E74-02FD6F2AA6FD}.Debug|Any CPU.ActiveCfg = Debug|Any CPU
		{D59E8B57-9EC9-46FC-9E74-02FD6F2AA6FD}.Debug|Any CPU.Build.0 = Debug|Any CPU
		{D59E8B57-9EC9-46FC-9E74-02FD6F2AA6FD}.Debug|iPhone.ActiveCfg = Debug|Any CPU
		{D59E8B57-9EC9-46FC-9E74-02FD6F2AA6FD}.Debug|iPhone.Build.0 = Debug|Any CPU
		{D59E8B57-9EC9-46FC-9E74-02FD6F2AA6FD}.Debug|iPhoneSimulator.ActiveCfg = Debug|Any CPU
		{D59E8B57-9EC9-46FC-9E74-02FD6F2AA6FD}.Debug|iPhoneSimulator.Build.0 = Debug|Any CPU
		{D59E8B57-9EC9-46FC-9E74-02FD6F2AA6FD}.Release|Any CPU.ActiveCfg = Release|Any CPU
		{D59E8B57-9EC9-46FC-9E74-02FD6F2AA6FD}.Release|Any CPU.Build.0 = Release|Any CPU
		{D59E8B57-9EC9-46FC-9E74-02FD6F2AA6FD}.Release|iPhone.ActiveCfg = Release|Any CPU
		{D59E8B57-9EC9-46FC-9E74-02FD6F2AA6FD}.Release|iPhone.Build.0 = Release|Any CPU
		{D59E8B57-9EC9-46FC-9E74-02FD6F2AA6FD}.Release|iPhoneSimulator.ActiveCfg = Release|Any CPU
		{D59E8B57-9EC9-46FC-9E74-02FD6F2AA6FD}.Release|iPhoneSimulator.Build.0 = Release|Any CPU
		{4EA643B9-84F6-4AD4-B89E-AE230A7461B8}.Ad-Hoc|Any CPU.ActiveCfg = Debug|Any CPU
		{4EA643B9-84F6-4AD4-B89E-AE230A7461B8}.Ad-Hoc|Any CPU.Build.0 = Debug|Any CPU
		{4EA643B9-84F6-4AD4-B89E-AE230A7461B8}.Ad-Hoc|iPhone.ActiveCfg = Release|Any CPU
		{4EA643B9-84F6-4AD4-B89E-AE230A7461B8}.Ad-Hoc|iPhone.Build.0 = Release|Any CPU
		{4EA643B9-84F6-4AD4-B89E-AE230A7461B8}.Ad-Hoc|iPhoneSimulator.ActiveCfg = Debug|Any CPU
		{4EA643B9-84F6-4AD4-B89E-AE230A7461B8}.AppStore|Any CPU.ActiveCfg = Release|Any CPU
		{4EA643B9-84F6-4AD4-B89E-AE230A7461B8}.AppStore|Any CPU.Build.0 = Release|Any CPU
		{4EA643B9-84F6-4AD4-B89E-AE230A7461B8}.AppStore|iPhone.ActiveCfg = Release|Any CPU
		{4EA643B9-84F6-4AD4-B89E-AE230A7461B8}.AppStore|iPhone.Build.0 = Release|Any CPU
		{4EA643B9-84F6-4AD4-B89E-AE230A7461B8}.AppStore|iPhoneSimulator.ActiveCfg = Debug|Any CPU
		{4EA643B9-84F6-4AD4-B89E-AE230A7461B8}.Debug|Any CPU.ActiveCfg = Debug|Any CPU
		{4EA643B9-84F6-4AD4-B89E-AE230A7461B8}.Debug|Any CPU.Build.0 = Debug|Any CPU
		{4EA643B9-84F6-4AD4-B89E-AE230A7461B8}.Debug|iPhone.ActiveCfg = Debug|Any CPU
		{4EA643B9-84F6-4AD4-B89E-AE230A7461B8}.Debug|iPhone.Build.0 = Debug|Any CPU
		{4EA643B9-84F6-4AD4-B89E-AE230A7461B8}.Debug|iPhoneSimulator.ActiveCfg = Debug|Any CPU
		{4EA643B9-84F6-4AD4-B89E-AE230A7461B8}.Debug|iPhoneSimulator.Build.0 = Debug|Any CPU
		{4EA643B9-84F6-4AD4-B89E-AE230A7461B8}.Release|Any CPU.ActiveCfg = Release|Any CPU
		{4EA643B9-84F6-4AD4-B89E-AE230A7461B8}.Release|Any CPU.Build.0 = Release|Any CPU
		{4EA643B9-84F6-4AD4-B89E-AE230A7461B8}.Release|iPhone.ActiveCfg = Release|Any CPU
		{4EA643B9-84F6-4AD4-B89E-AE230A7461B8}.Release|iPhone.Build.0 = Release|Any CPU
		{4EA643B9-84F6-4AD4-B89E-AE230A7461B8}.Release|iPhoneSimulator.ActiveCfg = Release|Any CPU
		{4EA643B9-84F6-4AD4-B89E-AE230A7461B8}.Release|iPhoneSimulator.Build.0 = Release|Any CPU
		{8E435CF3-C669-41BF-9768-7A40EBD21CC5}.Ad-Hoc|Any CPU.ActiveCfg = Release|Any CPU
		{8E435CF3-C669-41BF-9768-7A40EBD21CC5}.Ad-Hoc|Any CPU.Build.0 = Release|Any CPU
		{8E435CF3-C669-41BF-9768-7A40EBD21CC5}.Ad-Hoc|iPhone.ActiveCfg = Debug|Any CPU
		{8E435CF3-C669-41BF-9768-7A40EBD21CC5}.Ad-Hoc|iPhone.Build.0 = Debug|Any CPU
		{8E435CF3-C669-41BF-9768-7A40EBD21CC5}.Ad-Hoc|iPhoneSimulator.ActiveCfg = Release|Any CPU
		{8E435CF3-C669-41BF-9768-7A40EBD21CC5}.AppStore|Any CPU.ActiveCfg = Release|Any CPU
		{8E435CF3-C669-41BF-9768-7A40EBD21CC5}.AppStore|Any CPU.Build.0 = Release|Any CPU
		{8E435CF3-C669-41BF-9768-7A40EBD21CC5}.AppStore|iPhone.ActiveCfg = Release|Any CPU
		{8E435CF3-C669-41BF-9768-7A40EBD21CC5}.AppStore|iPhone.Build.0 = Release|Any CPU
		{8E435CF3-C669-41BF-9768-7A40EBD21CC5}.AppStore|iPhoneSimulator.ActiveCfg = Release|Any CPU
		{8E435CF3-C669-41BF-9768-7A40EBD21CC5}.Debug|Any CPU.ActiveCfg = Debug|Any CPU
		{8E435CF3-C669-41BF-9768-7A40EBD21CC5}.Debug|Any CPU.Build.0 = Debug|Any CPU
		{8E435CF3-C669-41BF-9768-7A40EBD21CC5}.Debug|iPhone.ActiveCfg = Debug|Any CPU
		{8E435CF3-C669-41BF-9768-7A40EBD21CC5}.Debug|iPhone.Build.0 = Debug|Any CPU
		{8E435CF3-C669-41BF-9768-7A40EBD21CC5}.Debug|iPhoneSimulator.ActiveCfg = Debug|Any CPU
		{8E435CF3-C669-41BF-9768-7A40EBD21CC5}.Debug|iPhoneSimulator.Build.0 = Debug|Any CPU
		{8E435CF3-C669-41BF-9768-7A40EBD21CC5}.Release|Any CPU.ActiveCfg = Release|Any CPU
		{8E435CF3-C669-41BF-9768-7A40EBD21CC5}.Release|Any CPU.Build.0 = Release|Any CPU
		{8E435CF3-C669-41BF-9768-7A40EBD21CC5}.Release|iPhone.ActiveCfg = Release|Any CPU
		{8E435CF3-C669-41BF-9768-7A40EBD21CC5}.Release|iPhone.Build.0 = Release|Any CPU
		{8E435CF3-C669-41BF-9768-7A40EBD21CC5}.Release|iPhoneSimulator.ActiveCfg = Release|Any CPU
		{8E435CF3-C669-41BF-9768-7A40EBD21CC5}.Release|iPhoneSimulator.Build.0 = Release|Any CPU
	EndGlobalSection
	GlobalSection(SolutionProperties) = preSolution
		HideSolutionNode = FALSE
	EndGlobalSection
EndGlobal
