
Microsoft Visual Studio Solution File, Format Version 12.00
# Visual Studio 14
VisualStudioVersion = 14.0.25420.1
MinimumVisualStudioVersion = 10.0.40219.1
Project("{FAE04EC0-301F-11D3-BF4B-00C04F79EFBC}") = "NGraphics.Test", "NGraphics.Test\NGraphics.Test.csproj", "{D8259A30-0714-4160-89AF-0C644551DF3B}"
EndProject
Project("{FAE04EC0-301F-11D3-BF4B-00C04F79EFBC}") = "NGraphics.Net", "Platforms\NGraphics.Net\NGraphics.Net.csproj", "{D59E8B57-9EC9-46FC-9E74-02FD6F2AA6FD}"
EndProject
Project("{FAE04EC0-301F-11D3-BF4B-00C04F79EFBC}") = "NGraphics", "NGraphics\NGraphics.csproj", "{4EA643B9-84F6-4AD4-B89E-AE230A7461B8}"
EndProject
Project("{FAE04EC0-301F-11D3-BF4B-00C04F79EFBC}") = "NGraphics.Net.Test", "Platforms\NGraphics.Net.Test\NGraphics.Net.Test.csproj", "{8E435CF3-C669-41BF-9768-7A40EBD21CC5}"
EndProject
Project("{FAE04EC0-301F-11D3-BF4B-00C04F79EFBC}") = "NGraphics.WindowsStore", "Platforms\NGraphics.WindowsStore\NGraphics.WindowsStore.csproj", "{35F0412D-049B-4660-8CFF-798833084D68}"
EndProject
Project("{FAE04EC0-301F-11D3-BF4B-00C04F79EFBC}") = "NGraphics.WindowsPhone", "Platforms\NGraphics.WindowsPhone\NGraphics.WindowsPhone.csproj", "{82348188-6DDB-4AB7-8DE5-E7D5A33975E1}"
EndProject
Project("{FAE04EC0-301F-11D3-BF4B-00C04F79EFBC}") = "NGraphics.WindowsStore.Test", "Platforms\NGraphics.WindowsStore.Test\NGraphics.WindowsStore.Test.csproj", "{060349AB-8F2C-4AB3-BA04-91BA5013B2A7}"
EndProject
Project("{FAE04EC0-301F-11D3-BF4B-00C04F79EFBC}") = "NGraphics.UWP", "Platforms\NGraphics.UWP\NGraphics.UWP.csproj", "{BD195F55-D9F8-4985-9089-5EEDE2B4A0A0}"
EndProject
Project("{FAE04EC0-301F-11D3-BF4B-00C04F79EFBC}") = "NGraphics.UWP.Test", "Platforms\NGraphics.UWP.Test\NGraphics.UWP.Test.csproj", "{E3E4B5F3-D347-4E3B-9A30-1343A018B2FC}"
EndProject
Project("{FAE04EC0-301F-11D3-BF4B-00C04F79EFBC}") = "SavingSoftwareBitmapSourceTest", "SavingSoftwareBitmapSourceTest\SavingSoftwareBitmapSourceTest.csproj", "{CA29A6EA-1610-4D03-9920-4C7A0ECCCC30}"
EndProject
Project("{2150E333-8FDC-42A3-9474-1A3956D46DE8}") = "UWPsvgviewer", "UWPsvgviewer", "{FC473381-4015-409F-9826-B5DB07251EE5}"
EndProject
Project("{FAE04EC0-301F-11D3-BF4B-00C04F79EFBC}") = "SvgView", "UWPsvgviewer\SvgView\SvgView.csproj", "{F57A4B1D-301F-4538-BEB0-630490041405}"
EndProject
Project("{FAE04EC0-301F-11D3-BF4B-00C04F79EFBC}") = "SvgViewer", "UWPsvgviewer\SvgViewer\SvgViewer.csproj", "{789A9077-F71C-4222-8D63-0EEFEFFE327F}"
EndProject
Global
	GlobalSection(SolutionConfigurationPlatforms) = preSolution
		Ad-Hoc|Any CPU = Ad-Hoc|Any CPU
		Ad-Hoc|ARM = Ad-Hoc|ARM
		Ad-Hoc|iPhone = Ad-Hoc|iPhone
		Ad-Hoc|iPhoneSimulator = Ad-Hoc|iPhoneSimulator
		Ad-Hoc|Mixed Platforms = Ad-Hoc|Mixed Platforms
		Ad-Hoc|x64 = Ad-Hoc|x64
		Ad-Hoc|x86 = Ad-Hoc|x86
		AppStore|Any CPU = AppStore|Any CPU
		AppStore|ARM = AppStore|ARM
		AppStore|iPhone = AppStore|iPhone
		AppStore|iPhoneSimulator = AppStore|iPhoneSimulator
		AppStore|Mixed Platforms = AppStore|Mixed Platforms
		AppStore|x64 = AppStore|x64
		AppStore|x86 = AppStore|x86
		Debug|Any CPU = Debug|Any CPU
		Debug|ARM = Debug|ARM
		Debug|iPhone = Debug|iPhone
		Debug|iPhoneSimulator = Debug|iPhoneSimulator
		Debug|Mixed Platforms = Debug|Mixed Platforms
		Debug|x64 = Debug|x64
		Debug|x86 = Debug|x86
		Release|Any CPU = Release|Any CPU
		Release|ARM = Release|ARM
		Release|iPhone = Release|iPhone
		Release|iPhoneSimulator = Release|iPhoneSimulator
		Release|Mixed Platforms = Release|Mixed Platforms
		Release|x64 = Release|x64
		Release|x86 = Release|x86
	EndGlobalSection
	GlobalSection(ProjectConfigurationPlatforms) = postSolution
		{D8259A30-0714-4160-89AF-0C644551DF3B}.Ad-Hoc|Any CPU.ActiveCfg = Release|Any CPU
		{D8259A30-0714-4160-89AF-0C644551DF3B}.Ad-Hoc|Any CPU.Build.0 = Release|Any CPU
		{D8259A30-0714-4160-89AF-0C644551DF3B}.Ad-Hoc|ARM.ActiveCfg = Debug|Any CPU
		{D8259A30-0714-4160-89AF-0C644551DF3B}.Ad-Hoc|iPhone.ActiveCfg = Debug|Any CPU
		{D8259A30-0714-4160-89AF-0C644551DF3B}.Ad-Hoc|iPhone.Build.0 = Debug|Any CPU
		{D8259A30-0714-4160-89AF-0C644551DF3B}.Ad-Hoc|iPhoneSimulator.ActiveCfg = Release|Any CPU
		{D8259A30-0714-4160-89AF-0C644551DF3B}.Ad-Hoc|Mixed Platforms.ActiveCfg = Debug|Any CPU
		{D8259A30-0714-4160-89AF-0C644551DF3B}.Ad-Hoc|Mixed Platforms.Build.0 = Debug|Any CPU
		{D8259A30-0714-4160-89AF-0C644551DF3B}.Ad-Hoc|x64.ActiveCfg = Debug|Any CPU
		{D8259A30-0714-4160-89AF-0C644551DF3B}.Ad-Hoc|x86.ActiveCfg = Debug|Any CPU
		{D8259A30-0714-4160-89AF-0C644551DF3B}.AppStore|Any CPU.ActiveCfg = Debug|Any CPU
		{D8259A30-0714-4160-89AF-0C644551DF3B}.AppStore|Any CPU.Build.0 = Debug|Any CPU
		{D8259A30-0714-4160-89AF-0C644551DF3B}.AppStore|ARM.ActiveCfg = Debug|Any CPU
		{D8259A30-0714-4160-89AF-0C644551DF3B}.AppStore|iPhone.ActiveCfg = Debug|Any CPU
		{D8259A30-0714-4160-89AF-0C644551DF3B}.AppStore|iPhone.Build.0 = Debug|Any CPU
		{D8259A30-0714-4160-89AF-0C644551DF3B}.AppStore|iPhoneSimulator.ActiveCfg = Release|Any CPU
		{D8259A30-0714-4160-89AF-0C644551DF3B}.AppStore|Mixed Platforms.ActiveCfg = Debug|Any CPU
		{D8259A30-0714-4160-89AF-0C644551DF3B}.AppStore|Mixed Platforms.Build.0 = Debug|Any CPU
		{D8259A30-0714-4160-89AF-0C644551DF3B}.AppStore|x64.ActiveCfg = Debug|Any CPU
		{D8259A30-0714-4160-89AF-0C644551DF3B}.AppStore|x86.ActiveCfg = Debug|Any CPU
		{D8259A30-0714-4160-89AF-0C644551DF3B}.Debug|Any CPU.ActiveCfg = Debug|Any CPU
		{D8259A30-0714-4160-89AF-0C644551DF3B}.Debug|Any CPU.Build.0 = Debug|Any CPU
		{D8259A30-0714-4160-89AF-0C644551DF3B}.Debug|ARM.ActiveCfg = Debug|Any CPU
		{D8259A30-0714-4160-89AF-0C644551DF3B}.Debug|iPhone.ActiveCfg = Debug|Any CPU
		{D8259A30-0714-4160-89AF-0C644551DF3B}.Debug|iPhone.Build.0 = Debug|Any CPU
		{D8259A30-0714-4160-89AF-0C644551DF3B}.Debug|iPhoneSimulator.ActiveCfg = Debug|Any CPU
		{D8259A30-0714-4160-89AF-0C644551DF3B}.Debug|iPhoneSimulator.Build.0 = Debug|Any CPU
		{D8259A30-0714-4160-89AF-0C644551DF3B}.Debug|Mixed Platforms.ActiveCfg = Debug|Any CPU
		{D8259A30-0714-4160-89AF-0C644551DF3B}.Debug|Mixed Platforms.Build.0 = Debug|Any CPU
		{D8259A30-0714-4160-89AF-0C644551DF3B}.Debug|x64.ActiveCfg = Debug|Any CPU
		{D8259A30-0714-4160-89AF-0C644551DF3B}.Debug|x86.ActiveCfg = Debug|Any CPU
		{D8259A30-0714-4160-89AF-0C644551DF3B}.Release|Any CPU.ActiveCfg = Release|Any CPU
		{D8259A30-0714-4160-89AF-0C644551DF3B}.Release|Any CPU.Build.0 = Release|Any CPU
		{D8259A30-0714-4160-89AF-0C644551DF3B}.Release|ARM.ActiveCfg = Release|Any CPU
		{D8259A30-0714-4160-89AF-0C644551DF3B}.Release|iPhone.ActiveCfg = Release|Any CPU
		{D8259A30-0714-4160-89AF-0C644551DF3B}.Release|iPhone.Build.0 = Release|Any CPU
		{D8259A30-0714-4160-89AF-0C644551DF3B}.Release|iPhoneSimulator.ActiveCfg = Release|Any CPU
		{D8259A30-0714-4160-89AF-0C644551DF3B}.Release|iPhoneSimulator.Build.0 = Release|Any CPU
		{D8259A30-0714-4160-89AF-0C644551DF3B}.Release|Mixed Platforms.ActiveCfg = Release|Any CPU
		{D8259A30-0714-4160-89AF-0C644551DF3B}.Release|Mixed Platforms.Build.0 = Release|Any CPU
		{D8259A30-0714-4160-89AF-0C644551DF3B}.Release|x64.ActiveCfg = Release|Any CPU
		{D8259A30-0714-4160-89AF-0C644551DF3B}.Release|x86.ActiveCfg = Release|Any CPU
		{D59E8B57-9EC9-46FC-9E74-02FD6F2AA6FD}.Ad-Hoc|Any CPU.ActiveCfg = Release|Any CPU
		{D59E8B57-9EC9-46FC-9E74-02FD6F2AA6FD}.Ad-Hoc|Any CPU.Build.0 = Release|Any CPU
		{D59E8B57-9EC9-46FC-9E74-02FD6F2AA6FD}.Ad-Hoc|ARM.ActiveCfg = Debug|Any CPU
		{D59E8B57-9EC9-46FC-9E74-02FD6F2AA6FD}.Ad-Hoc|iPhone.ActiveCfg = Debug|Any CPU
		{D59E8B57-9EC9-46FC-9E74-02FD6F2AA6FD}.Ad-Hoc|iPhone.Build.0 = Debug|Any CPU
		{D59E8B57-9EC9-46FC-9E74-02FD6F2AA6FD}.Ad-Hoc|iPhoneSimulator.ActiveCfg = Release|Any CPU
		{D59E8B57-9EC9-46FC-9E74-02FD6F2AA6FD}.Ad-Hoc|Mixed Platforms.ActiveCfg = Debug|Any CPU
		{D59E8B57-9EC9-46FC-9E74-02FD6F2AA6FD}.Ad-Hoc|Mixed Platforms.Build.0 = Debug|Any CPU
		{D59E8B57-9EC9-46FC-9E74-02FD6F2AA6FD}.Ad-Hoc|x64.ActiveCfg = Debug|Any CPU
		{D59E8B57-9EC9-46FC-9E74-02FD6F2AA6FD}.Ad-Hoc|x86.ActiveCfg = Debug|Any CPU
		{D59E8B57-9EC9-46FC-9E74-02FD6F2AA6FD}.AppStore|Any CPU.ActiveCfg = Release|Any CPU
		{D59E8B57-9EC9-46FC-9E74-02FD6F2AA6FD}.AppStore|Any CPU.Build.0 = Release|Any CPU
		{D59E8B57-9EC9-46FC-9E74-02FD6F2AA6FD}.AppStore|ARM.ActiveCfg = Debug|Any CPU
		{D59E8B57-9EC9-46FC-9E74-02FD6F2AA6FD}.AppStore|iPhone.ActiveCfg = Debug|Any CPU
		{D59E8B57-9EC9-46FC-9E74-02FD6F2AA6FD}.AppStore|iPhone.Build.0 = Debug|Any CPU
		{D59E8B57-9EC9-46FC-9E74-02FD6F2AA6FD}.AppStore|iPhoneSimulator.ActiveCfg = Release|Any CPU
		{D59E8B57-9EC9-46FC-9E74-02FD6F2AA6FD}.AppStore|Mixed Platforms.ActiveCfg = Debug|Any CPU
		{D59E8B57-9EC9-46FC-9E74-02FD6F2AA6FD}.AppStore|Mixed Platforms.Build.0 = Debug|Any CPU
		{D59E8B57-9EC9-46FC-9E74-02FD6F2AA6FD}.AppStore|x64.ActiveCfg = Debug|Any CPU
		{D59E8B57-9EC9-46FC-9E74-02FD6F2AA6FD}.AppStore|x86.ActiveCfg = Debug|Any CPU
		{D59E8B57-9EC9-46FC-9E74-02FD6F2AA6FD}.Debug|Any CPU.ActiveCfg = Debug|Any CPU
		{D59E8B57-9EC9-46FC-9E74-02FD6F2AA6FD}.Debug|Any CPU.Build.0 = Debug|Any CPU
		{D59E8B57-9EC9-46FC-9E74-02FD6F2AA6FD}.Debug|ARM.ActiveCfg = Debug|Any CPU
		{D59E8B57-9EC9-46FC-9E74-02FD6F2AA6FD}.Debug|iPhone.ActiveCfg = Debug|Any CPU
		{D59E8B57-9EC9-46FC-9E74-02FD6F2AA6FD}.Debug|iPhone.Build.0 = Debug|Any CPU
		{D59E8B57-9EC9-46FC-9E74-02FD6F2AA6FD}.Debug|iPhoneSimulator.ActiveCfg = Debug|Any CPU
		{D59E8B57-9EC9-46FC-9E74-02FD6F2AA6FD}.Debug|iPhoneSimulator.Build.0 = Debug|Any CPU
		{D59E8B57-9EC9-46FC-9E74-02FD6F2AA6FD}.Debug|Mixed Platforms.ActiveCfg = Debug|Any CPU
		{D59E8B57-9EC9-46FC-9E74-02FD6F2AA6FD}.Debug|Mixed Platforms.Build.0 = Debug|Any CPU
		{D59E8B57-9EC9-46FC-9E74-02FD6F2AA6FD}.Debug|x64.ActiveCfg = Debug|Any CPU
		{D59E8B57-9EC9-46FC-9E74-02FD6F2AA6FD}.Debug|x86.ActiveCfg = Debug|Any CPU
		{D59E8B57-9EC9-46FC-9E74-02FD6F2AA6FD}.Release|Any CPU.ActiveCfg = Release|Any CPU
		{D59E8B57-9EC9-46FC-9E74-02FD6F2AA6FD}.Release|Any CPU.Build.0 = Release|Any CPU
		{D59E8B57-9EC9-46FC-9E74-02FD6F2AA6FD}.Release|ARM.ActiveCfg = Release|Any CPU
		{D59E8B57-9EC9-46FC-9E74-02FD6F2AA6FD}.Release|iPhone.ActiveCfg = Release|Any CPU
		{D59E8B57-9EC9-46FC-9E74-02FD6F2AA6FD}.Release|iPhone.Build.0 = Release|Any CPU
		{D59E8B57-9EC9-46FC-9E74-02FD6F2AA6FD}.Release|iPhoneSimulator.ActiveCfg = Release|Any CPU
		{D59E8B57-9EC9-46FC-9E74-02FD6F2AA6FD}.Release|iPhoneSimulator.Build.0 = Release|Any CPU
		{D59E8B57-9EC9-46FC-9E74-02FD6F2AA6FD}.Release|Mixed Platforms.ActiveCfg = Release|Any CPU
		{D59E8B57-9EC9-46FC-9E74-02FD6F2AA6FD}.Release|Mixed Platforms.Build.0 = Release|Any CPU
		{D59E8B57-9EC9-46FC-9E74-02FD6F2AA6FD}.Release|x64.ActiveCfg = Release|Any CPU
		{D59E8B57-9EC9-46FC-9E74-02FD6F2AA6FD}.Release|x86.ActiveCfg = Release|Any CPU
		{4EA643B9-84F6-4AD4-B89E-AE230A7461B8}.Ad-Hoc|Any CPU.ActiveCfg = Debug|Any CPU
		{4EA643B9-84F6-4AD4-B89E-AE230A7461B8}.Ad-Hoc|Any CPU.Build.0 = Debug|Any CPU
		{4EA643B9-84F6-4AD4-B89E-AE230A7461B8}.Ad-Hoc|ARM.ActiveCfg = Release|Any CPU
		{4EA643B9-84F6-4AD4-B89E-AE230A7461B8}.Ad-Hoc|iPhone.ActiveCfg = Release|Any CPU
		{4EA643B9-84F6-4AD4-B89E-AE230A7461B8}.Ad-Hoc|iPhone.Build.0 = Release|Any CPU
		{4EA643B9-84F6-4AD4-B89E-AE230A7461B8}.Ad-Hoc|iPhoneSimulator.ActiveCfg = Debug|Any CPU
		{4EA643B9-84F6-4AD4-B89E-AE230A7461B8}.Ad-Hoc|Mixed Platforms.ActiveCfg = Release|Any CPU
		{4EA643B9-84F6-4AD4-B89E-AE230A7461B8}.Ad-Hoc|Mixed Platforms.Build.0 = Release|Any CPU
		{4EA643B9-84F6-4AD4-B89E-AE230A7461B8}.Ad-Hoc|x64.ActiveCfg = Release|Any CPU
		{4EA643B9-84F6-4AD4-B89E-AE230A7461B8}.Ad-Hoc|x86.ActiveCfg = Release|Any CPU
		{4EA643B9-84F6-4AD4-B89E-AE230A7461B8}.AppStore|Any CPU.ActiveCfg = Release|Any CPU
		{4EA643B9-84F6-4AD4-B89E-AE230A7461B8}.AppStore|Any CPU.Build.0 = Release|Any CPU
		{4EA643B9-84F6-4AD4-B89E-AE230A7461B8}.AppStore|ARM.ActiveCfg = Release|Any CPU
		{4EA643B9-84F6-4AD4-B89E-AE230A7461B8}.AppStore|iPhone.ActiveCfg = Release|Any CPU
		{4EA643B9-84F6-4AD4-B89E-AE230A7461B8}.AppStore|iPhone.Build.0 = Release|Any CPU
		{4EA643B9-84F6-4AD4-B89E-AE230A7461B8}.AppStore|iPhoneSimulator.ActiveCfg = Debug|Any CPU
		{4EA643B9-84F6-4AD4-B89E-AE230A7461B8}.AppStore|Mixed Platforms.ActiveCfg = Release|Any CPU
		{4EA643B9-84F6-4AD4-B89E-AE230A7461B8}.AppStore|Mixed Platforms.Build.0 = Release|Any CPU
		{4EA643B9-84F6-4AD4-B89E-AE230A7461B8}.AppStore|x64.ActiveCfg = Release|Any CPU
		{4EA643B9-84F6-4AD4-B89E-AE230A7461B8}.AppStore|x86.ActiveCfg = Release|Any CPU
		{4EA643B9-84F6-4AD4-B89E-AE230A7461B8}.Debug|Any CPU.ActiveCfg = Debug|Any CPU
		{4EA643B9-84F6-4AD4-B89E-AE230A7461B8}.Debug|Any CPU.Build.0 = Debug|Any CPU
		{4EA643B9-84F6-4AD4-B89E-AE230A7461B8}.Debug|ARM.ActiveCfg = Debug|Any CPU
		{4EA643B9-84F6-4AD4-B89E-AE230A7461B8}.Debug|iPhone.ActiveCfg = Debug|Any CPU
		{4EA643B9-84F6-4AD4-B89E-AE230A7461B8}.Debug|iPhone.Build.0 = Debug|Any CPU
		{4EA643B9-84F6-4AD4-B89E-AE230A7461B8}.Debug|iPhoneSimulator.ActiveCfg = Debug|Any CPU
		{4EA643B9-84F6-4AD4-B89E-AE230A7461B8}.Debug|iPhoneSimulator.Build.0 = Debug|Any CPU
		{4EA643B9-84F6-4AD4-B89E-AE230A7461B8}.Debug|Mixed Platforms.ActiveCfg = Debug|Any CPU
		{4EA643B9-84F6-4AD4-B89E-AE230A7461B8}.Debug|Mixed Platforms.Build.0 = Debug|Any CPU
		{4EA643B9-84F6-4AD4-B89E-AE230A7461B8}.Debug|x64.ActiveCfg = Debug|Any CPU
		{4EA643B9-84F6-4AD4-B89E-AE230A7461B8}.Debug|x86.ActiveCfg = Debug|Any CPU
		{4EA643B9-84F6-4AD4-B89E-AE230A7461B8}.Release|Any CPU.ActiveCfg = Release|Any CPU
		{4EA643B9-84F6-4AD4-B89E-AE230A7461B8}.Release|Any CPU.Build.0 = Release|Any CPU
		{4EA643B9-84F6-4AD4-B89E-AE230A7461B8}.Release|ARM.ActiveCfg = Release|Any CPU
		{4EA643B9-84F6-4AD4-B89E-AE230A7461B8}.Release|iPhone.ActiveCfg = Release|Any CPU
		{4EA643B9-84F6-4AD4-B89E-AE230A7461B8}.Release|iPhone.Build.0 = Release|Any CPU
		{4EA643B9-84F6-4AD4-B89E-AE230A7461B8}.Release|iPhoneSimulator.ActiveCfg = Release|Any CPU
		{4EA643B9-84F6-4AD4-B89E-AE230A7461B8}.Release|iPhoneSimulator.Build.0 = Release|Any CPU
		{4EA643B9-84F6-4AD4-B89E-AE230A7461B8}.Release|Mixed Platforms.ActiveCfg = Release|Any CPU
		{4EA643B9-84F6-4AD4-B89E-AE230A7461B8}.Release|Mixed Platforms.Build.0 = Release|Any CPU
		{4EA643B9-84F6-4AD4-B89E-AE230A7461B8}.Release|x64.ActiveCfg = Release|Any CPU
		{4EA643B9-84F6-4AD4-B89E-AE230A7461B8}.Release|x86.ActiveCfg = Release|Any CPU
		{8E435CF3-C669-41BF-9768-7A40EBD21CC5}.Ad-Hoc|Any CPU.ActiveCfg = Release|Any CPU
		{8E435CF3-C669-41BF-9768-7A40EBD21CC5}.Ad-Hoc|Any CPU.Build.0 = Release|Any CPU
		{8E435CF3-C669-41BF-9768-7A40EBD21CC5}.Ad-Hoc|ARM.ActiveCfg = Debug|Any CPU
		{8E435CF3-C669-41BF-9768-7A40EBD21CC5}.Ad-Hoc|iPhone.ActiveCfg = Debug|Any CPU
		{8E435CF3-C669-41BF-9768-7A40EBD21CC5}.Ad-Hoc|iPhone.Build.0 = Debug|Any CPU
		{8E435CF3-C669-41BF-9768-7A40EBD21CC5}.Ad-Hoc|iPhoneSimulator.ActiveCfg = Release|Any CPU
		{8E435CF3-C669-41BF-9768-7A40EBD21CC5}.Ad-Hoc|Mixed Platforms.ActiveCfg = Debug|Any CPU
		{8E435CF3-C669-41BF-9768-7A40EBD21CC5}.Ad-Hoc|Mixed Platforms.Build.0 = Debug|Any CPU
		{8E435CF3-C669-41BF-9768-7A40EBD21CC5}.Ad-Hoc|x64.ActiveCfg = Debug|Any CPU
		{8E435CF3-C669-41BF-9768-7A40EBD21CC5}.Ad-Hoc|x86.ActiveCfg = Debug|Any CPU
		{8E435CF3-C669-41BF-9768-7A40EBD21CC5}.AppStore|Any CPU.ActiveCfg = Release|Any CPU
		{8E435CF3-C669-41BF-9768-7A40EBD21CC5}.AppStore|Any CPU.Build.0 = Release|Any CPU
		{8E435CF3-C669-41BF-9768-7A40EBD21CC5}.AppStore|ARM.ActiveCfg = Debug|Any CPU
		{8E435CF3-C669-41BF-9768-7A40EBD21CC5}.AppStore|iPhone.ActiveCfg = Release|Any CPU
		{8E435CF3-C669-41BF-9768-7A40EBD21CC5}.AppStore|iPhone.Build.0 = Release|Any CPU
		{8E435CF3-C669-41BF-9768-7A40EBD21CC5}.AppStore|iPhoneSimulator.ActiveCfg = Release|Any CPU
		{8E435CF3-C669-41BF-9768-7A40EBD21CC5}.AppStore|Mixed Platforms.ActiveCfg = Debug|Any CPU
		{8E435CF3-C669-41BF-9768-7A40EBD21CC5}.AppStore|Mixed Platforms.Build.0 = Debug|Any CPU
		{8E435CF3-C669-41BF-9768-7A40EBD21CC5}.AppStore|x64.ActiveCfg = Debug|Any CPU
		{8E435CF3-C669-41BF-9768-7A40EBD21CC5}.AppStore|x86.ActiveCfg = Debug|Any CPU
		{8E435CF3-C669-41BF-9768-7A40EBD21CC5}.Debug|Any CPU.ActiveCfg = Debug|Any CPU
		{8E435CF3-C669-41BF-9768-7A40EBD21CC5}.Debug|Any CPU.Build.0 = Debug|Any CPU
		{8E435CF3-C669-41BF-9768-7A40EBD21CC5}.Debug|ARM.ActiveCfg = Debug|Any CPU
		{8E435CF3-C669-41BF-9768-7A40EBD21CC5}.Debug|iPhone.ActiveCfg = Debug|Any CPU
		{8E435CF3-C669-41BF-9768-7A40EBD21CC5}.Debug|iPhone.Build.0 = Debug|Any CPU
		{8E435CF3-C669-41BF-9768-7A40EBD21CC5}.Debug|iPhoneSimulator.ActiveCfg = Debug|Any CPU
		{8E435CF3-C669-41BF-9768-7A40EBD21CC5}.Debug|iPhoneSimulator.Build.0 = Debug|Any CPU
		{8E435CF3-C669-41BF-9768-7A40EBD21CC5}.Debug|Mixed Platforms.ActiveCfg = Debug|Any CPU
		{8E435CF3-C669-41BF-9768-7A40EBD21CC5}.Debug|Mixed Platforms.Build.0 = Debug|Any CPU
		{8E435CF3-C669-41BF-9768-7A40EBD21CC5}.Debug|x64.ActiveCfg = Debug|Any CPU
		{8E435CF3-C669-41BF-9768-7A40EBD21CC5}.Debug|x86.ActiveCfg = Debug|Any CPU
		{8E435CF3-C669-41BF-9768-7A40EBD21CC5}.Release|Any CPU.ActiveCfg = Release|Any CPU
		{8E435CF3-C669-41BF-9768-7A40EBD21CC5}.Release|Any CPU.Build.0 = Release|Any CPU
		{8E435CF3-C669-41BF-9768-7A40EBD21CC5}.Release|ARM.ActiveCfg = Release|Any CPU
		{8E435CF3-C669-41BF-9768-7A40EBD21CC5}.Release|iPhone.ActiveCfg = Release|Any CPU
		{8E435CF3-C669-41BF-9768-7A40EBD21CC5}.Release|iPhone.Build.0 = Release|Any CPU
		{8E435CF3-C669-41BF-9768-7A40EBD21CC5}.Release|iPhoneSimulator.ActiveCfg = Release|Any CPU
		{8E435CF3-C669-41BF-9768-7A40EBD21CC5}.Release|iPhoneSimulator.Build.0 = Release|Any CPU
		{8E435CF3-C669-41BF-9768-7A40EBD21CC5}.Release|Mixed Platforms.ActiveCfg = Release|Any CPU
		{8E435CF3-C669-41BF-9768-7A40EBD21CC5}.Release|Mixed Platforms.Build.0 = Release|Any CPU
		{8E435CF3-C669-41BF-9768-7A40EBD21CC5}.Release|x64.ActiveCfg = Release|Any CPU
		{8E435CF3-C669-41BF-9768-7A40EBD21CC5}.Release|x86.ActiveCfg = Release|Any CPU
		{35F0412D-049B-4660-8CFF-798833084D68}.Ad-Hoc|Any CPU.ActiveCfg = Release|Any CPU
		{35F0412D-049B-4660-8CFF-798833084D68}.Ad-Hoc|Any CPU.Build.0 = Release|Any CPU
		{35F0412D-049B-4660-8CFF-798833084D68}.Ad-Hoc|ARM.ActiveCfg = Release|ARM
		{35F0412D-049B-4660-8CFF-798833084D68}.Ad-Hoc|ARM.Build.0 = Release|ARM
		{35F0412D-049B-4660-8CFF-798833084D68}.Ad-Hoc|iPhone.ActiveCfg = Release|Any CPU
		{35F0412D-049B-4660-8CFF-798833084D68}.Ad-Hoc|iPhoneSimulator.ActiveCfg = Release|Any CPU
		{35F0412D-049B-4660-8CFF-798833084D68}.Ad-Hoc|Mixed Platforms.ActiveCfg = Debug|x86
		{35F0412D-049B-4660-8CFF-798833084D68}.Ad-Hoc|Mixed Platforms.Build.0 = Debug|x86
		{35F0412D-049B-4660-8CFF-798833084D68}.Ad-Hoc|x64.ActiveCfg = Release|x64
		{35F0412D-049B-4660-8CFF-798833084D68}.Ad-Hoc|x64.Build.0 = Release|x64
		{35F0412D-049B-4660-8CFF-798833084D68}.Ad-Hoc|x86.ActiveCfg = Release|x86
		{35F0412D-049B-4660-8CFF-798833084D68}.Ad-Hoc|x86.Build.0 = Release|x86
		{35F0412D-049B-4660-8CFF-798833084D68}.AppStore|Any CPU.ActiveCfg = Release|Any CPU
		{35F0412D-049B-4660-8CFF-798833084D68}.AppStore|Any CPU.Build.0 = Release|Any CPU
		{35F0412D-049B-4660-8CFF-798833084D68}.AppStore|ARM.ActiveCfg = Release|ARM
		{35F0412D-049B-4660-8CFF-798833084D68}.AppStore|ARM.Build.0 = Release|ARM
		{35F0412D-049B-4660-8CFF-798833084D68}.AppStore|iPhone.ActiveCfg = Release|Any CPU
		{35F0412D-049B-4660-8CFF-798833084D68}.AppStore|iPhoneSimulator.ActiveCfg = Release|Any CPU
		{35F0412D-049B-4660-8CFF-798833084D68}.AppStore|Mixed Platforms.ActiveCfg = Debug|x86
		{35F0412D-049B-4660-8CFF-798833084D68}.AppStore|Mixed Platforms.Build.0 = Debug|x86
		{35F0412D-049B-4660-8CFF-798833084D68}.AppStore|x64.ActiveCfg = Release|x64
		{35F0412D-049B-4660-8CFF-798833084D68}.AppStore|x64.Build.0 = Release|x64
		{35F0412D-049B-4660-8CFF-798833084D68}.AppStore|x86.ActiveCfg = Release|x86
		{35F0412D-049B-4660-8CFF-798833084D68}.AppStore|x86.Build.0 = Release|x86
		{35F0412D-049B-4660-8CFF-798833084D68}.Debug|Any CPU.ActiveCfg = Debug|Any CPU
		{35F0412D-049B-4660-8CFF-798833084D68}.Debug|Any CPU.Build.0 = Debug|Any CPU
		{35F0412D-049B-4660-8CFF-798833084D68}.Debug|ARM.ActiveCfg = Debug|ARM
		{35F0412D-049B-4660-8CFF-798833084D68}.Debug|ARM.Build.0 = Debug|ARM
		{35F0412D-049B-4660-8CFF-798833084D68}.Debug|iPhone.ActiveCfg = Debug|Any CPU
		{35F0412D-049B-4660-8CFF-798833084D68}.Debug|iPhoneSimulator.ActiveCfg = Debug|Any CPU
		{35F0412D-049B-4660-8CFF-798833084D68}.Debug|Mixed Platforms.ActiveCfg = Debug|x86
		{35F0412D-049B-4660-8CFF-798833084D68}.Debug|Mixed Platforms.Build.0 = Debug|x86
		{35F0412D-049B-4660-8CFF-798833084D68}.Debug|x64.ActiveCfg = Debug|x64
		{35F0412D-049B-4660-8CFF-798833084D68}.Debug|x64.Build.0 = Debug|x64
		{35F0412D-049B-4660-8CFF-798833084D68}.Debug|x86.ActiveCfg = Debug|x86
		{35F0412D-049B-4660-8CFF-798833084D68}.Debug|x86.Build.0 = Debug|x86
		{35F0412D-049B-4660-8CFF-798833084D68}.Release|Any CPU.ActiveCfg = Release|Any CPU
		{35F0412D-049B-4660-8CFF-798833084D68}.Release|Any CPU.Build.0 = Release|Any CPU
		{35F0412D-049B-4660-8CFF-798833084D68}.Release|ARM.ActiveCfg = Release|ARM
		{35F0412D-049B-4660-8CFF-798833084D68}.Release|ARM.Build.0 = Release|ARM
		{35F0412D-049B-4660-8CFF-798833084D68}.Release|iPhone.ActiveCfg = Release|Any CPU
		{35F0412D-049B-4660-8CFF-798833084D68}.Release|iPhoneSimulator.ActiveCfg = Release|Any CPU
		{35F0412D-049B-4660-8CFF-798833084D68}.Release|Mixed Platforms.ActiveCfg = Release|Any CPU
		{35F0412D-049B-4660-8CFF-798833084D68}.Release|Mixed Platforms.Build.0 = Release|Any CPU
		{35F0412D-049B-4660-8CFF-798833084D68}.Release|x64.ActiveCfg = Release|x64
		{35F0412D-049B-4660-8CFF-798833084D68}.Release|x64.Build.0 = Release|x64
		{35F0412D-049B-4660-8CFF-798833084D68}.Release|x86.ActiveCfg = Release|x86
		{35F0412D-049B-4660-8CFF-798833084D68}.Release|x86.Build.0 = Release|x86
		{82348188-6DDB-4AB7-8DE5-E7D5A33975E1}.Ad-Hoc|Any CPU.ActiveCfg = Release|Any CPU
		{82348188-6DDB-4AB7-8DE5-E7D5A33975E1}.Ad-Hoc|Any CPU.Build.0 = Release|Any CPU
		{82348188-6DDB-4AB7-8DE5-E7D5A33975E1}.Ad-Hoc|ARM.ActiveCfg = Release|ARM
		{82348188-6DDB-4AB7-8DE5-E7D5A33975E1}.Ad-Hoc|ARM.Build.0 = Release|ARM
		{82348188-6DDB-4AB7-8DE5-E7D5A33975E1}.Ad-Hoc|iPhone.ActiveCfg = Release|Any CPU
		{82348188-6DDB-4AB7-8DE5-E7D5A33975E1}.Ad-Hoc|iPhoneSimulator.ActiveCfg = Release|Any CPU
		{82348188-6DDB-4AB7-8DE5-E7D5A33975E1}.Ad-Hoc|Mixed Platforms.ActiveCfg = Debug|x86
		{82348188-6DDB-4AB7-8DE5-E7D5A33975E1}.Ad-Hoc|Mixed Platforms.Build.0 = Debug|x86
		{82348188-6DDB-4AB7-8DE5-E7D5A33975E1}.Ad-Hoc|x64.ActiveCfg = Release|Any CPU
		{82348188-6DDB-4AB7-8DE5-E7D5A33975E1}.Ad-Hoc|x86.ActiveCfg = Release|x86
		{82348188-6DDB-4AB7-8DE5-E7D5A33975E1}.Ad-Hoc|x86.Build.0 = Release|x86
		{82348188-6DDB-4AB7-8DE5-E7D5A33975E1}.AppStore|Any CPU.ActiveCfg = Release|Any CPU
		{82348188-6DDB-4AB7-8DE5-E7D5A33975E1}.AppStore|Any CPU.Build.0 = Release|Any CPU
		{82348188-6DDB-4AB7-8DE5-E7D5A33975E1}.AppStore|ARM.ActiveCfg = Release|ARM
		{82348188-6DDB-4AB7-8DE5-E7D5A33975E1}.AppStore|ARM.Build.0 = Release|ARM
		{82348188-6DDB-4AB7-8DE5-E7D5A33975E1}.AppStore|iPhone.ActiveCfg = Release|Any CPU
		{82348188-6DDB-4AB7-8DE5-E7D5A33975E1}.AppStore|iPhoneSimulator.ActiveCfg = Release|Any CPU
		{82348188-6DDB-4AB7-8DE5-E7D5A33975E1}.AppStore|Mixed Platforms.ActiveCfg = Debug|x86
		{82348188-6DDB-4AB7-8DE5-E7D5A33975E1}.AppStore|Mixed Platforms.Build.0 = Debug|x86
		{82348188-6DDB-4AB7-8DE5-E7D5A33975E1}.AppStore|x64.ActiveCfg = Release|Any CPU
		{82348188-6DDB-4AB7-8DE5-E7D5A33975E1}.AppStore|x86.ActiveCfg = Release|x86
		{82348188-6DDB-4AB7-8DE5-E7D5A33975E1}.AppStore|x86.Build.0 = Release|x86
		{82348188-6DDB-4AB7-8DE5-E7D5A33975E1}.Debug|Any CPU.ActiveCfg = Debug|Any CPU
		{82348188-6DDB-4AB7-8DE5-E7D5A33975E1}.Debug|Any CPU.Build.0 = Debug|Any CPU
		{82348188-6DDB-4AB7-8DE5-E7D5A33975E1}.Debug|ARM.ActiveCfg = Debug|ARM
		{82348188-6DDB-4AB7-8DE5-E7D5A33975E1}.Debug|ARM.Build.0 = Debug|ARM
		{82348188-6DDB-4AB7-8DE5-E7D5A33975E1}.Debug|iPhone.ActiveCfg = Debug|Any CPU
		{82348188-6DDB-4AB7-8DE5-E7D5A33975E1}.Debug|iPhoneSimulator.ActiveCfg = Debug|Any CPU
		{82348188-6DDB-4AB7-8DE5-E7D5A33975E1}.Debug|Mixed Platforms.ActiveCfg = Debug|x86
		{82348188-6DDB-4AB7-8DE5-E7D5A33975E1}.Debug|Mixed Platforms.Build.0 = Debug|x86
		{82348188-6DDB-4AB7-8DE5-E7D5A33975E1}.Debug|x64.ActiveCfg = Debug|Any CPU
		{82348188-6DDB-4AB7-8DE5-E7D5A33975E1}.Debug|x86.ActiveCfg = Debug|x86
		{82348188-6DDB-4AB7-8DE5-E7D5A33975E1}.Debug|x86.Build.0 = Debug|x86
		{82348188-6DDB-4AB7-8DE5-E7D5A33975E1}.Release|Any CPU.ActiveCfg = Release|Any CPU
		{82348188-6DDB-4AB7-8DE5-E7D5A33975E1}.Release|Any CPU.Build.0 = Release|Any CPU
		{82348188-6DDB-4AB7-8DE5-E7D5A33975E1}.Release|ARM.ActiveCfg = Release|ARM
		{82348188-6DDB-4AB7-8DE5-E7D5A33975E1}.Release|ARM.Build.0 = Release|ARM
		{82348188-6DDB-4AB7-8DE5-E7D5A33975E1}.Release|iPhone.ActiveCfg = Release|Any CPU
		{82348188-6DDB-4AB7-8DE5-E7D5A33975E1}.Release|iPhoneSimulator.ActiveCfg = Release|Any CPU
		{82348188-6DDB-4AB7-8DE5-E7D5A33975E1}.Release|Mixed Platforms.ActiveCfg = Release|Any CPU
		{82348188-6DDB-4AB7-8DE5-E7D5A33975E1}.Release|Mixed Platforms.Build.0 = Release|Any CPU
		{82348188-6DDB-4AB7-8DE5-E7D5A33975E1}.Release|x64.ActiveCfg = Release|Any CPU
		{82348188-6DDB-4AB7-8DE5-E7D5A33975E1}.Release|x86.ActiveCfg = Release|x86
		{82348188-6DDB-4AB7-8DE5-E7D5A33975E1}.Release|x86.Build.0 = Release|x86
		{060349AB-8F2C-4AB3-BA04-91BA5013B2A7}.Ad-Hoc|Any CPU.ActiveCfg = Release|Any CPU
		{060349AB-8F2C-4AB3-BA04-91BA5013B2A7}.Ad-Hoc|Any CPU.Build.0 = Release|Any CPU
		{060349AB-8F2C-4AB3-BA04-91BA5013B2A7}.Ad-Hoc|Any CPU.Deploy.0 = Release|Any CPU
		{060349AB-8F2C-4AB3-BA04-91BA5013B2A7}.Ad-Hoc|ARM.ActiveCfg = Release|ARM
		{060349AB-8F2C-4AB3-BA04-91BA5013B2A7}.Ad-Hoc|ARM.Build.0 = Release|ARM
		{060349AB-8F2C-4AB3-BA04-91BA5013B2A7}.Ad-Hoc|ARM.Deploy.0 = Release|ARM
		{060349AB-8F2C-4AB3-BA04-91BA5013B2A7}.Ad-Hoc|iPhone.ActiveCfg = Release|Any CPU
		{060349AB-8F2C-4AB3-BA04-91BA5013B2A7}.Ad-Hoc|iPhoneSimulator.ActiveCfg = Release|Any CPU
		{060349AB-8F2C-4AB3-BA04-91BA5013B2A7}.Ad-Hoc|Mixed Platforms.ActiveCfg = Release|x86
		{060349AB-8F2C-4AB3-BA04-91BA5013B2A7}.Ad-Hoc|Mixed Platforms.Build.0 = Release|x86
		{060349AB-8F2C-4AB3-BA04-91BA5013B2A7}.Ad-Hoc|Mixed Platforms.Deploy.0 = Release|x86
		{060349AB-8F2C-4AB3-BA04-91BA5013B2A7}.Ad-Hoc|x64.ActiveCfg = Release|x64
		{060349AB-8F2C-4AB3-BA04-91BA5013B2A7}.Ad-Hoc|x64.Build.0 = Release|x64
		{060349AB-8F2C-4AB3-BA04-91BA5013B2A7}.Ad-Hoc|x64.Deploy.0 = Release|x64
		{060349AB-8F2C-4AB3-BA04-91BA5013B2A7}.Ad-Hoc|x86.ActiveCfg = Release|x86
		{060349AB-8F2C-4AB3-BA04-91BA5013B2A7}.Ad-Hoc|x86.Build.0 = Release|x86
		{060349AB-8F2C-4AB3-BA04-91BA5013B2A7}.Ad-Hoc|x86.Deploy.0 = Release|x86
		{060349AB-8F2C-4AB3-BA04-91BA5013B2A7}.AppStore|Any CPU.ActiveCfg = Release|Any CPU
		{060349AB-8F2C-4AB3-BA04-91BA5013B2A7}.AppStore|Any CPU.Build.0 = Release|Any CPU
		{060349AB-8F2C-4AB3-BA04-91BA5013B2A7}.AppStore|Any CPU.Deploy.0 = Release|Any CPU
		{060349AB-8F2C-4AB3-BA04-91BA5013B2A7}.AppStore|ARM.ActiveCfg = Release|ARM
		{060349AB-8F2C-4AB3-BA04-91BA5013B2A7}.AppStore|ARM.Build.0 = Release|ARM
		{060349AB-8F2C-4AB3-BA04-91BA5013B2A7}.AppStore|ARM.Deploy.0 = Release|ARM
		{060349AB-8F2C-4AB3-BA04-91BA5013B2A7}.AppStore|iPhone.ActiveCfg = Release|Any CPU
		{060349AB-8F2C-4AB3-BA04-91BA5013B2A7}.AppStore|iPhoneSimulator.ActiveCfg = Release|Any CPU
		{060349AB-8F2C-4AB3-BA04-91BA5013B2A7}.AppStore|Mixed Platforms.ActiveCfg = Release|x86
		{060349AB-8F2C-4AB3-BA04-91BA5013B2A7}.AppStore|Mixed Platforms.Build.0 = Release|x86
		{060349AB-8F2C-4AB3-BA04-91BA5013B2A7}.AppStore|Mixed Platforms.Deploy.0 = Release|x86
		{060349AB-8F2C-4AB3-BA04-91BA5013B2A7}.AppStore|x64.ActiveCfg = Release|x64
		{060349AB-8F2C-4AB3-BA04-91BA5013B2A7}.AppStore|x64.Build.0 = Release|x64
		{060349AB-8F2C-4AB3-BA04-91BA5013B2A7}.AppStore|x64.Deploy.0 = Release|x64
		{060349AB-8F2C-4AB3-BA04-91BA5013B2A7}.AppStore|x86.ActiveCfg = Release|x86
		{060349AB-8F2C-4AB3-BA04-91BA5013B2A7}.AppStore|x86.Build.0 = Release|x86
		{060349AB-8F2C-4AB3-BA04-91BA5013B2A7}.AppStore|x86.Deploy.0 = Release|x86
		{060349AB-8F2C-4AB3-BA04-91BA5013B2A7}.Debug|Any CPU.ActiveCfg = Debug|Any CPU
		{060349AB-8F2C-4AB3-BA04-91BA5013B2A7}.Debug|Any CPU.Build.0 = Debug|Any CPU
		{060349AB-8F2C-4AB3-BA04-91BA5013B2A7}.Debug|Any CPU.Deploy.0 = Debug|Any CPU
		{060349AB-8F2C-4AB3-BA04-91BA5013B2A7}.Debug|ARM.ActiveCfg = Debug|ARM
		{060349AB-8F2C-4AB3-BA04-91BA5013B2A7}.Debug|ARM.Build.0 = Debug|ARM
		{060349AB-8F2C-4AB3-BA04-91BA5013B2A7}.Debug|ARM.Deploy.0 = Debug|ARM
		{060349AB-8F2C-4AB3-BA04-91BA5013B2A7}.Debug|iPhone.ActiveCfg = Debug|Any CPU
		{060349AB-8F2C-4AB3-BA04-91BA5013B2A7}.Debug|iPhoneSimulator.ActiveCfg = Debug|Any CPU
		{060349AB-8F2C-4AB3-BA04-91BA5013B2A7}.Debug|Mixed Platforms.ActiveCfg = Debug|x86
		{060349AB-8F2C-4AB3-BA04-91BA5013B2A7}.Debug|Mixed Platforms.Build.0 = Debug|x86
		{060349AB-8F2C-4AB3-BA04-91BA5013B2A7}.Debug|Mixed Platforms.Deploy.0 = Debug|x86
		{060349AB-8F2C-4AB3-BA04-91BA5013B2A7}.Debug|x64.ActiveCfg = Debug|x64
		{060349AB-8F2C-4AB3-BA04-91BA5013B2A7}.Debug|x64.Build.0 = Debug|x64
		{060349AB-8F2C-4AB3-BA04-91BA5013B2A7}.Debug|x64.Deploy.0 = Debug|x64
		{060349AB-8F2C-4AB3-BA04-91BA5013B2A7}.Debug|x86.ActiveCfg = Debug|x86
		{060349AB-8F2C-4AB3-BA04-91BA5013B2A7}.Debug|x86.Build.0 = Debug|x86
		{060349AB-8F2C-4AB3-BA04-91BA5013B2A7}.Debug|x86.Deploy.0 = Debug|x86
		{060349AB-8F2C-4AB3-BA04-91BA5013B2A7}.Release|Any CPU.ActiveCfg = Release|Any CPU
		{060349AB-8F2C-4AB3-BA04-91BA5013B2A7}.Release|Any CPU.Build.0 = Release|Any CPU
		{060349AB-8F2C-4AB3-BA04-91BA5013B2A7}.Release|Any CPU.Deploy.0 = Release|Any CPU
		{060349AB-8F2C-4AB3-BA04-91BA5013B2A7}.Release|ARM.ActiveCfg = Release|ARM
		{060349AB-8F2C-4AB3-BA04-91BA5013B2A7}.Release|ARM.Build.0 = Release|ARM
		{060349AB-8F2C-4AB3-BA04-91BA5013B2A7}.Release|ARM.Deploy.0 = Release|ARM
		{060349AB-8F2C-4AB3-BA04-91BA5013B2A7}.Release|iPhone.ActiveCfg = Release|Any CPU
		{060349AB-8F2C-4AB3-BA04-91BA5013B2A7}.Release|iPhoneSimulator.ActiveCfg = Release|Any CPU
		{060349AB-8F2C-4AB3-BA04-91BA5013B2A7}.Release|Mixed Platforms.ActiveCfg = Release|Any CPU
		{060349AB-8F2C-4AB3-BA04-91BA5013B2A7}.Release|Mixed Platforms.Build.0 = Release|Any CPU
		{060349AB-8F2C-4AB3-BA04-91BA5013B2A7}.Release|Mixed Platforms.Deploy.0 = Release|Any CPU
		{060349AB-8F2C-4AB3-BA04-91BA5013B2A7}.Release|x64.ActiveCfg = Release|x64
		{060349AB-8F2C-4AB3-BA04-91BA5013B2A7}.Release|x64.Build.0 = Release|x64
		{060349AB-8F2C-4AB3-BA04-91BA5013B2A7}.Release|x64.Deploy.0 = Release|x64
		{060349AB-8F2C-4AB3-BA04-91BA5013B2A7}.Release|x86.ActiveCfg = Release|x86
		{060349AB-8F2C-4AB3-BA04-91BA5013B2A7}.Release|x86.Build.0 = Release|x86
		{060349AB-8F2C-4AB3-BA04-91BA5013B2A7}.Release|x86.Deploy.0 = Release|x86
		{BD195F55-D9F8-4985-9089-5EEDE2B4A0A0}.Ad-Hoc|Any CPU.ActiveCfg = Release|Any CPU
		{BD195F55-D9F8-4985-9089-5EEDE2B4A0A0}.Ad-Hoc|Any CPU.Build.0 = Release|Any CPU
		{BD195F55-D9F8-4985-9089-5EEDE2B4A0A0}.Ad-Hoc|ARM.ActiveCfg = Release|ARM
		{BD195F55-D9F8-4985-9089-5EEDE2B4A0A0}.Ad-Hoc|ARM.Build.0 = Release|ARM
		{BD195F55-D9F8-4985-9089-5EEDE2B4A0A0}.Ad-Hoc|iPhone.ActiveCfg = Release|Any CPU
		{BD195F55-D9F8-4985-9089-5EEDE2B4A0A0}.Ad-Hoc|iPhone.Build.0 = Release|Any CPU
		{BD195F55-D9F8-4985-9089-5EEDE2B4A0A0}.Ad-Hoc|iPhoneSimulator.ActiveCfg = Release|Any CPU
		{BD195F55-D9F8-4985-9089-5EEDE2B4A0A0}.Ad-Hoc|iPhoneSimulator.Build.0 = Release|Any CPU
		{BD195F55-D9F8-4985-9089-5EEDE2B4A0A0}.Ad-Hoc|Mixed Platforms.ActiveCfg = Release|x86
		{BD195F55-D9F8-4985-9089-5EEDE2B4A0A0}.Ad-Hoc|Mixed Platforms.Build.0 = Release|x86
		{BD195F55-D9F8-4985-9089-5EEDE2B4A0A0}.Ad-Hoc|x64.ActiveCfg = Release|x64
		{BD195F55-D9F8-4985-9089-5EEDE2B4A0A0}.Ad-Hoc|x64.Build.0 = Release|x64
		{BD195F55-D9F8-4985-9089-5EEDE2B4A0A0}.Ad-Hoc|x86.ActiveCfg = Release|x86
		{BD195F55-D9F8-4985-9089-5EEDE2B4A0A0}.Ad-Hoc|x86.Build.0 = Release|x86
		{BD195F55-D9F8-4985-9089-5EEDE2B4A0A0}.AppStore|Any CPU.ActiveCfg = Release|Any CPU
		{BD195F55-D9F8-4985-9089-5EEDE2B4A0A0}.AppStore|Any CPU.Build.0 = Release|Any CPU
		{BD195F55-D9F8-4985-9089-5EEDE2B4A0A0}.AppStore|ARM.ActiveCfg = Release|ARM
		{BD195F55-D9F8-4985-9089-5EEDE2B4A0A0}.AppStore|ARM.Build.0 = Release|ARM
		{BD195F55-D9F8-4985-9089-5EEDE2B4A0A0}.AppStore|iPhone.ActiveCfg = Release|Any CPU
		{BD195F55-D9F8-4985-9089-5EEDE2B4A0A0}.AppStore|iPhone.Build.0 = Release|Any CPU
		{BD195F55-D9F8-4985-9089-5EEDE2B4A0A0}.AppStore|iPhoneSimulator.ActiveCfg = Release|Any CPU
		{BD195F55-D9F8-4985-9089-5EEDE2B4A0A0}.AppStore|iPhoneSimulator.Build.0 = Release|Any CPU
		{BD195F55-D9F8-4985-9089-5EEDE2B4A0A0}.AppStore|Mixed Platforms.ActiveCfg = Release|x86
		{BD195F55-D9F8-4985-9089-5EEDE2B4A0A0}.AppStore|Mixed Platforms.Build.0 = Release|x86
		{BD195F55-D9F8-4985-9089-5EEDE2B4A0A0}.AppStore|x64.ActiveCfg = Release|x64
		{BD195F55-D9F8-4985-9089-5EEDE2B4A0A0}.AppStore|x64.Build.0 = Release|x64
		{BD195F55-D9F8-4985-9089-5EEDE2B4A0A0}.AppStore|x86.ActiveCfg = Release|x86
		{BD195F55-D9F8-4985-9089-5EEDE2B4A0A0}.AppStore|x86.Build.0 = Release|x86
		{BD195F55-D9F8-4985-9089-5EEDE2B4A0A0}.Debug|Any CPU.ActiveCfg = Debug|Any CPU
		{BD195F55-D9F8-4985-9089-5EEDE2B4A0A0}.Debug|Any CPU.Build.0 = Debug|Any CPU
		{BD195F55-D9F8-4985-9089-5EEDE2B4A0A0}.Debug|ARM.ActiveCfg = Debug|ARM
		{BD195F55-D9F8-4985-9089-5EEDE2B4A0A0}.Debug|ARM.Build.0 = Debug|ARM
		{BD195F55-D9F8-4985-9089-5EEDE2B4A0A0}.Debug|iPhone.ActiveCfg = Debug|Any CPU
		{BD195F55-D9F8-4985-9089-5EEDE2B4A0A0}.Debug|iPhone.Build.0 = Debug|Any CPU
		{BD195F55-D9F8-4985-9089-5EEDE2B4A0A0}.Debug|iPhoneSimulator.ActiveCfg = Debug|Any CPU
		{BD195F55-D9F8-4985-9089-5EEDE2B4A0A0}.Debug|iPhoneSimulator.Build.0 = Debug|Any CPU
		{BD195F55-D9F8-4985-9089-5EEDE2B4A0A0}.Debug|Mixed Platforms.ActiveCfg = Debug|x86
		{BD195F55-D9F8-4985-9089-5EEDE2B4A0A0}.Debug|Mixed Platforms.Build.0 = Debug|x86
		{BD195F55-D9F8-4985-9089-5EEDE2B4A0A0}.Debug|x64.ActiveCfg = Debug|x64
		{BD195F55-D9F8-4985-9089-5EEDE2B4A0A0}.Debug|x64.Build.0 = Debug|x64
		{BD195F55-D9F8-4985-9089-5EEDE2B4A0A0}.Debug|x86.ActiveCfg = Debug|x86
		{BD195F55-D9F8-4985-9089-5EEDE2B4A0A0}.Debug|x86.Build.0 = Debug|x86
		{BD195F55-D9F8-4985-9089-5EEDE2B4A0A0}.Release|Any CPU.ActiveCfg = Release|Any CPU
		{BD195F55-D9F8-4985-9089-5EEDE2B4A0A0}.Release|Any CPU.Build.0 = Release|Any CPU
		{BD195F55-D9F8-4985-9089-5EEDE2B4A0A0}.Release|ARM.ActiveCfg = Release|ARM
		{BD195F55-D9F8-4985-9089-5EEDE2B4A0A0}.Release|ARM.Build.0 = Release|ARM
		{BD195F55-D9F8-4985-9089-5EEDE2B4A0A0}.Release|iPhone.ActiveCfg = Release|Any CPU
		{BD195F55-D9F8-4985-9089-5EEDE2B4A0A0}.Release|iPhone.Build.0 = Release|Any CPU
		{BD195F55-D9F8-4985-9089-5EEDE2B4A0A0}.Release|iPhoneSimulator.ActiveCfg = Release|Any CPU
		{BD195F55-D9F8-4985-9089-5EEDE2B4A0A0}.Release|iPhoneSimulator.Build.0 = Release|Any CPU
		{BD195F55-D9F8-4985-9089-5EEDE2B4A0A0}.Release|Mixed Platforms.ActiveCfg = Release|x86
		{BD195F55-D9F8-4985-9089-5EEDE2B4A0A0}.Release|Mixed Platforms.Build.0 = Release|x86
		{BD195F55-D9F8-4985-9089-5EEDE2B4A0A0}.Release|x64.ActiveCfg = Release|x64
		{BD195F55-D9F8-4985-9089-5EEDE2B4A0A0}.Release|x64.Build.0 = Release|x64
		{BD195F55-D9F8-4985-9089-5EEDE2B4A0A0}.Release|x86.ActiveCfg = Release|x86
		{BD195F55-D9F8-4985-9089-5EEDE2B4A0A0}.Release|x86.Build.0 = Release|x86
		{E3E4B5F3-D347-4E3B-9A30-1343A018B2FC}.Ad-Hoc|Any CPU.ActiveCfg = Release|x64
		{E3E4B5F3-D347-4E3B-9A30-1343A018B2FC}.Ad-Hoc|Any CPU.Build.0 = Release|x64
		{E3E4B5F3-D347-4E3B-9A30-1343A018B2FC}.Ad-Hoc|Any CPU.Deploy.0 = Release|x64
		{E3E4B5F3-D347-4E3B-9A30-1343A018B2FC}.Ad-Hoc|ARM.ActiveCfg = Release|ARM
		{E3E4B5F3-D347-4E3B-9A30-1343A018B2FC}.Ad-Hoc|ARM.Build.0 = Release|ARM
		{E3E4B5F3-D347-4E3B-9A30-1343A018B2FC}.Ad-Hoc|ARM.Deploy.0 = Release|ARM
		{E3E4B5F3-D347-4E3B-9A30-1343A018B2FC}.Ad-Hoc|iPhone.ActiveCfg = Release|x64
		{E3E4B5F3-D347-4E3B-9A30-1343A018B2FC}.Ad-Hoc|iPhone.Build.0 = Release|x64
		{E3E4B5F3-D347-4E3B-9A30-1343A018B2FC}.Ad-Hoc|iPhone.Deploy.0 = Release|x64
		{E3E4B5F3-D347-4E3B-9A30-1343A018B2FC}.Ad-Hoc|iPhoneSimulator.ActiveCfg = Release|x64
		{E3E4B5F3-D347-4E3B-9A30-1343A018B2FC}.Ad-Hoc|iPhoneSimulator.Build.0 = Release|x64
		{E3E4B5F3-D347-4E3B-9A30-1343A018B2FC}.Ad-Hoc|iPhoneSimulator.Deploy.0 = Release|x64
		{E3E4B5F3-D347-4E3B-9A30-1343A018B2FC}.Ad-Hoc|Mixed Platforms.ActiveCfg = Release|x86
		{E3E4B5F3-D347-4E3B-9A30-1343A018B2FC}.Ad-Hoc|Mixed Platforms.Build.0 = Release|x86
		{E3E4B5F3-D347-4E3B-9A30-1343A018B2FC}.Ad-Hoc|Mixed Platforms.Deploy.0 = Release|x86
		{E3E4B5F3-D347-4E3B-9A30-1343A018B2FC}.Ad-Hoc|x64.ActiveCfg = Release|x64
		{E3E4B5F3-D347-4E3B-9A30-1343A018B2FC}.Ad-Hoc|x64.Build.0 = Release|x64
		{E3E4B5F3-D347-4E3B-9A30-1343A018B2FC}.Ad-Hoc|x64.Deploy.0 = Release|x64
		{E3E4B5F3-D347-4E3B-9A30-1343A018B2FC}.Ad-Hoc|x86.ActiveCfg = Release|x86
		{E3E4B5F3-D347-4E3B-9A30-1343A018B2FC}.Ad-Hoc|x86.Build.0 = Release|x86
		{E3E4B5F3-D347-4E3B-9A30-1343A018B2FC}.Ad-Hoc|x86.Deploy.0 = Release|x86
		{E3E4B5F3-D347-4E3B-9A30-1343A018B2FC}.AppStore|Any CPU.ActiveCfg = Release|x64
		{E3E4B5F3-D347-4E3B-9A30-1343A018B2FC}.AppStore|Any CPU.Build.0 = Release|x64
		{E3E4B5F3-D347-4E3B-9A30-1343A018B2FC}.AppStore|Any CPU.Deploy.0 = Release|x64
		{E3E4B5F3-D347-4E3B-9A30-1343A018B2FC}.AppStore|ARM.ActiveCfg = Release|ARM
		{E3E4B5F3-D347-4E3B-9A30-1343A018B2FC}.AppStore|ARM.Build.0 = Release|ARM
		{E3E4B5F3-D347-4E3B-9A30-1343A018B2FC}.AppStore|ARM.Deploy.0 = Release|ARM
		{E3E4B5F3-D347-4E3B-9A30-1343A018B2FC}.AppStore|iPhone.ActiveCfg = Release|x64
		{E3E4B5F3-D347-4E3B-9A30-1343A018B2FC}.AppStore|iPhone.Build.0 = Release|x64
		{E3E4B5F3-D347-4E3B-9A30-1343A018B2FC}.AppStore|iPhone.Deploy.0 = Release|x64
		{E3E4B5F3-D347-4E3B-9A30-1343A018B2FC}.AppStore|iPhoneSimulator.ActiveCfg = Release|x64
		{E3E4B5F3-D347-4E3B-9A30-1343A018B2FC}.AppStore|iPhoneSimulator.Build.0 = Release|x64
		{E3E4B5F3-D347-4E3B-9A30-1343A018B2FC}.AppStore|iPhoneSimulator.Deploy.0 = Release|x64
		{E3E4B5F3-D347-4E3B-9A30-1343A018B2FC}.AppStore|Mixed Platforms.ActiveCfg = Release|x86
		{E3E4B5F3-D347-4E3B-9A30-1343A018B2FC}.AppStore|Mixed Platforms.Build.0 = Release|x86
		{E3E4B5F3-D347-4E3B-9A30-1343A018B2FC}.AppStore|Mixed Platforms.Deploy.0 = Release|x86
		{E3E4B5F3-D347-4E3B-9A30-1343A018B2FC}.AppStore|x64.ActiveCfg = Release|x64
		{E3E4B5F3-D347-4E3B-9A30-1343A018B2FC}.AppStore|x64.Build.0 = Release|x64
		{E3E4B5F3-D347-4E3B-9A30-1343A018B2FC}.AppStore|x64.Deploy.0 = Release|x64
		{E3E4B5F3-D347-4E3B-9A30-1343A018B2FC}.AppStore|x86.ActiveCfg = Release|x86
		{E3E4B5F3-D347-4E3B-9A30-1343A018B2FC}.AppStore|x86.Build.0 = Release|x86
		{E3E4B5F3-D347-4E3B-9A30-1343A018B2FC}.AppStore|x86.Deploy.0 = Release|x86
		{E3E4B5F3-D347-4E3B-9A30-1343A018B2FC}.Debug|Any CPU.ActiveCfg = Debug|x86
		{E3E4B5F3-D347-4E3B-9A30-1343A018B2FC}.Debug|ARM.ActiveCfg = Debug|ARM
		{E3E4B5F3-D347-4E3B-9A30-1343A018B2FC}.Debug|ARM.Build.0 = Debug|ARM
		{E3E4B5F3-D347-4E3B-9A30-1343A018B2FC}.Debug|ARM.Deploy.0 = Debug|ARM
		{E3E4B5F3-D347-4E3B-9A30-1343A018B2FC}.Debug|iPhone.ActiveCfg = Debug|x86
		{E3E4B5F3-D347-4E3B-9A30-1343A018B2FC}.Debug|iPhoneSimulator.ActiveCfg = Debug|x86
		{E3E4B5F3-D347-4E3B-9A30-1343A018B2FC}.Debug|Mixed Platforms.ActiveCfg = Debug|x86
		{E3E4B5F3-D347-4E3B-9A30-1343A018B2FC}.Debug|Mixed Platforms.Build.0 = Debug|x86
		{E3E4B5F3-D347-4E3B-9A30-1343A018B2FC}.Debug|Mixed Platforms.Deploy.0 = Debug|x86
		{E3E4B5F3-D347-4E3B-9A30-1343A018B2FC}.Debug|x64.ActiveCfg = Debug|x64
		{E3E4B5F3-D347-4E3B-9A30-1343A018B2FC}.Debug|x64.Build.0 = Debug|x64
		{E3E4B5F3-D347-4E3B-9A30-1343A018B2FC}.Debug|x64.Deploy.0 = Debug|x64
		{E3E4B5F3-D347-4E3B-9A30-1343A018B2FC}.Debug|x86.ActiveCfg = Debug|x86
		{E3E4B5F3-D347-4E3B-9A30-1343A018B2FC}.Debug|x86.Build.0 = Debug|x86
		{E3E4B5F3-D347-4E3B-9A30-1343A018B2FC}.Debug|x86.Deploy.0 = Debug|x86
		{E3E4B5F3-D347-4E3B-9A30-1343A018B2FC}.Release|Any CPU.ActiveCfg = Release|x86
		{E3E4B5F3-D347-4E3B-9A30-1343A018B2FC}.Release|ARM.ActiveCfg = Release|ARM
		{E3E4B5F3-D347-4E3B-9A30-1343A018B2FC}.Release|ARM.Build.0 = Release|ARM
		{E3E4B5F3-D347-4E3B-9A30-1343A018B2FC}.Release|ARM.Deploy.0 = Release|ARM
		{E3E4B5F3-D347-4E3B-9A30-1343A018B2FC}.Release|iPhone.ActiveCfg = Release|x86
		{E3E4B5F3-D347-4E3B-9A30-1343A018B2FC}.Release|iPhoneSimulator.ActiveCfg = Release|x86
		{E3E4B5F3-D347-4E3B-9A30-1343A018B2FC}.Release|Mixed Platforms.ActiveCfg = Release|x86
		{E3E4B5F3-D347-4E3B-9A30-1343A018B2FC}.Release|Mixed Platforms.Build.0 = Release|x86
		{E3E4B5F3-D347-4E3B-9A30-1343A018B2FC}.Release|Mixed Platforms.Deploy.0 = Release|x86
		{E3E4B5F3-D347-4E3B-9A30-1343A018B2FC}.Release|x64.ActiveCfg = Release|x64
		{E3E4B5F3-D347-4E3B-9A30-1343A018B2FC}.Release|x64.Build.0 = Release|x64
		{E3E4B5F3-D347-4E3B-9A30-1343A018B2FC}.Release|x64.Deploy.0 = Release|x64
		{E3E4B5F3-D347-4E3B-9A30-1343A018B2FC}.Release|x86.ActiveCfg = Release|x86
		{E3E4B5F3-D347-4E3B-9A30-1343A018B2FC}.Release|x86.Build.0 = Release|x86
		{E3E4B5F3-D347-4E3B-9A30-1343A018B2FC}.Release|x86.Deploy.0 = Release|x86
		{CA29A6EA-1610-4D03-9920-4C7A0ECCCC30}.Ad-Hoc|Any CPU.ActiveCfg = Release|x64
		{CA29A6EA-1610-4D03-9920-4C7A0ECCCC30}.Ad-Hoc|Any CPU.Build.0 = Release|x64
		{CA29A6EA-1610-4D03-9920-4C7A0ECCCC30}.Ad-Hoc|Any CPU.Deploy.0 = Release|x64
		{CA29A6EA-1610-4D03-9920-4C7A0ECCCC30}.Ad-Hoc|ARM.ActiveCfg = Release|ARM
		{CA29A6EA-1610-4D03-9920-4C7A0ECCCC30}.Ad-Hoc|ARM.Build.0 = Release|ARM
		{CA29A6EA-1610-4D03-9920-4C7A0ECCCC30}.Ad-Hoc|ARM.Deploy.0 = Release|ARM
		{CA29A6EA-1610-4D03-9920-4C7A0ECCCC30}.Ad-Hoc|iPhone.ActiveCfg = Release|x64
		{CA29A6EA-1610-4D03-9920-4C7A0ECCCC30}.Ad-Hoc|iPhone.Build.0 = Release|x64
		{CA29A6EA-1610-4D03-9920-4C7A0ECCCC30}.Ad-Hoc|iPhone.Deploy.0 = Release|x64
		{CA29A6EA-1610-4D03-9920-4C7A0ECCCC30}.Ad-Hoc|iPhoneSimulator.ActiveCfg = Release|x64
		{CA29A6EA-1610-4D03-9920-4C7A0ECCCC30}.Ad-Hoc|iPhoneSimulator.Build.0 = Release|x64
		{CA29A6EA-1610-4D03-9920-4C7A0ECCCC30}.Ad-Hoc|iPhoneSimulator.Deploy.0 = Release|x64
		{CA29A6EA-1610-4D03-9920-4C7A0ECCCC30}.Ad-Hoc|Mixed Platforms.ActiveCfg = Release|x86
		{CA29A6EA-1610-4D03-9920-4C7A0ECCCC30}.Ad-Hoc|Mixed Platforms.Build.0 = Release|x86
		{CA29A6EA-1610-4D03-9920-4C7A0ECCCC30}.Ad-Hoc|Mixed Platforms.Deploy.0 = Release|x86
		{CA29A6EA-1610-4D03-9920-4C7A0ECCCC30}.Ad-Hoc|x64.ActiveCfg = Release|x64
		{CA29A6EA-1610-4D03-9920-4C7A0ECCCC30}.Ad-Hoc|x64.Build.0 = Release|x64
		{CA29A6EA-1610-4D03-9920-4C7A0ECCCC30}.Ad-Hoc|x64.Deploy.0 = Release|x64
		{CA29A6EA-1610-4D03-9920-4C7A0ECCCC30}.Ad-Hoc|x86.ActiveCfg = Release|x86
		{CA29A6EA-1610-4D03-9920-4C7A0ECCCC30}.Ad-Hoc|x86.Build.0 = Release|x86
		{CA29A6EA-1610-4D03-9920-4C7A0ECCCC30}.Ad-Hoc|x86.Deploy.0 = Release|x86
		{CA29A6EA-1610-4D03-9920-4C7A0ECCCC30}.AppStore|Any CPU.ActiveCfg = Release|x64
		{CA29A6EA-1610-4D03-9920-4C7A0ECCCC30}.AppStore|Any CPU.Build.0 = Release|x64
		{CA29A6EA-1610-4D03-9920-4C7A0ECCCC30}.AppStore|Any CPU.Deploy.0 = Release|x64
		{CA29A6EA-1610-4D03-9920-4C7A0ECCCC30}.AppStore|ARM.ActiveCfg = Release|ARM
		{CA29A6EA-1610-4D03-9920-4C7A0ECCCC30}.AppStore|ARM.Build.0 = Release|ARM
		{CA29A6EA-1610-4D03-9920-4C7A0ECCCC30}.AppStore|ARM.Deploy.0 = Release|ARM
		{CA29A6EA-1610-4D03-9920-4C7A0ECCCC30}.AppStore|iPhone.ActiveCfg = Release|x64
		{CA29A6EA-1610-4D03-9920-4C7A0ECCCC30}.AppStore|iPhone.Build.0 = Release|x64
		{CA29A6EA-1610-4D03-9920-4C7A0ECCCC30}.AppStore|iPhone.Deploy.0 = Release|x64
		{CA29A6EA-1610-4D03-9920-4C7A0ECCCC30}.AppStore|iPhoneSimulator.ActiveCfg = Release|x64
		{CA29A6EA-1610-4D03-9920-4C7A0ECCCC30}.AppStore|iPhoneSimulator.Build.0 = Release|x64
		{CA29A6EA-1610-4D03-9920-4C7A0ECCCC30}.AppStore|iPhoneSimulator.Deploy.0 = Release|x64
		{CA29A6EA-1610-4D03-9920-4C7A0ECCCC30}.AppStore|Mixed Platforms.ActiveCfg = Release|x86
		{CA29A6EA-1610-4D03-9920-4C7A0ECCCC30}.AppStore|Mixed Platforms.Build.0 = Release|x86
		{CA29A6EA-1610-4D03-9920-4C7A0ECCCC30}.AppStore|Mixed Platforms.Deploy.0 = Release|x86
		{CA29A6EA-1610-4D03-9920-4C7A0ECCCC30}.AppStore|x64.ActiveCfg = Release|x64
		{CA29A6EA-1610-4D03-9920-4C7A0ECCCC30}.AppStore|x64.Build.0 = Release|x64
		{CA29A6EA-1610-4D03-9920-4C7A0ECCCC30}.AppStore|x64.Deploy.0 = Release|x64
		{CA29A6EA-1610-4D03-9920-4C7A0ECCCC30}.AppStore|x86.ActiveCfg = Release|x86
		{CA29A6EA-1610-4D03-9920-4C7A0ECCCC30}.AppStore|x86.Build.0 = Release|x86
		{CA29A6EA-1610-4D03-9920-4C7A0ECCCC30}.AppStore|x86.Deploy.0 = Release|x86
		{CA29A6EA-1610-4D03-9920-4C7A0ECCCC30}.Debug|Any CPU.ActiveCfg = Debug|x86
		{CA29A6EA-1610-4D03-9920-4C7A0ECCCC30}.Debug|ARM.ActiveCfg = Debug|ARM
		{CA29A6EA-1610-4D03-9920-4C7A0ECCCC30}.Debug|ARM.Build.0 = Debug|ARM
		{CA29A6EA-1610-4D03-9920-4C7A0ECCCC30}.Debug|ARM.Deploy.0 = Debug|ARM
		{CA29A6EA-1610-4D03-9920-4C7A0ECCCC30}.Debug|iPhone.ActiveCfg = Debug|x86
		{CA29A6EA-1610-4D03-9920-4C7A0ECCCC30}.Debug|iPhoneSimulator.ActiveCfg = Debug|x86
		{CA29A6EA-1610-4D03-9920-4C7A0ECCCC30}.Debug|Mixed Platforms.ActiveCfg = Debug|x86
		{CA29A6EA-1610-4D03-9920-4C7A0ECCCC30}.Debug|Mixed Platforms.Build.0 = Debug|x86
		{CA29A6EA-1610-4D03-9920-4C7A0ECCCC30}.Debug|Mixed Platforms.Deploy.0 = Debug|x86
		{CA29A6EA-1610-4D03-9920-4C7A0ECCCC30}.Debug|x64.ActiveCfg = Debug|x64
		{CA29A6EA-1610-4D03-9920-4C7A0ECCCC30}.Debug|x64.Build.0 = Debug|x64
		{CA29A6EA-1610-4D03-9920-4C7A0ECCCC30}.Debug|x64.Deploy.0 = Debug|x64
		{CA29A6EA-1610-4D03-9920-4C7A0ECCCC30}.Debug|x86.ActiveCfg = Debug|x86
		{CA29A6EA-1610-4D03-9920-4C7A0ECCCC30}.Debug|x86.Build.0 = Debug|x86
		{CA29A6EA-1610-4D03-9920-4C7A0ECCCC30}.Debug|x86.Deploy.0 = Debug|x86
		{CA29A6EA-1610-4D03-9920-4C7A0ECCCC30}.Release|Any CPU.ActiveCfg = Release|x86
		{CA29A6EA-1610-4D03-9920-4C7A0ECCCC30}.Release|ARM.ActiveCfg = Release|ARM
		{CA29A6EA-1610-4D03-9920-4C7A0ECCCC30}.Release|ARM.Build.0 = Release|ARM
		{CA29A6EA-1610-4D03-9920-4C7A0ECCCC30}.Release|ARM.Deploy.0 = Release|ARM
		{CA29A6EA-1610-4D03-9920-4C7A0ECCCC30}.Release|iPhone.ActiveCfg = Release|x86
		{CA29A6EA-1610-4D03-9920-4C7A0ECCCC30}.Release|iPhoneSimulator.ActiveCfg = Release|x86
		{CA29A6EA-1610-4D03-9920-4C7A0ECCCC30}.Release|Mixed Platforms.ActiveCfg = Release|x86
		{CA29A6EA-1610-4D03-9920-4C7A0ECCCC30}.Release|Mixed Platforms.Build.0 = Release|x86
		{CA29A6EA-1610-4D03-9920-4C7A0ECCCC30}.Release|Mixed Platforms.Deploy.0 = Release|x86
		{CA29A6EA-1610-4D03-9920-4C7A0ECCCC30}.Release|x64.ActiveCfg = Release|x64
		{CA29A6EA-1610-4D03-9920-4C7A0ECCCC30}.Release|x64.Build.0 = Release|x64
		{CA29A6EA-1610-4D03-9920-4C7A0ECCCC30}.Release|x64.Deploy.0 = Release|x64
		{CA29A6EA-1610-4D03-9920-4C7A0ECCCC30}.Release|x86.ActiveCfg = Release|x86
		{CA29A6EA-1610-4D03-9920-4C7A0ECCCC30}.Release|x86.Build.0 = Release|x86
		{CA29A6EA-1610-4D03-9920-4C7A0ECCCC30}.Release|x86.Deploy.0 = Release|x86
		{F57A4B1D-301F-4538-BEB0-630490041405}.Ad-Hoc|Any CPU.ActiveCfg = Release|Any CPU
		{F57A4B1D-301F-4538-BEB0-630490041405}.Ad-Hoc|Any CPU.Build.0 = Release|Any CPU
		{F57A4B1D-301F-4538-BEB0-630490041405}.Ad-Hoc|ARM.ActiveCfg = Release|ARM
		{F57A4B1D-301F-4538-BEB0-630490041405}.Ad-Hoc|ARM.Build.0 = Release|ARM
		{F57A4B1D-301F-4538-BEB0-630490041405}.Ad-Hoc|iPhone.ActiveCfg = Release|Any CPU
		{F57A4B1D-301F-4538-BEB0-630490041405}.Ad-Hoc|iPhone.Build.0 = Release|Any CPU
		{F57A4B1D-301F-4538-BEB0-630490041405}.Ad-Hoc|iPhoneSimulator.ActiveCfg = Release|Any CPU
		{F57A4B1D-301F-4538-BEB0-630490041405}.Ad-Hoc|iPhoneSimulator.Build.0 = Release|Any CPU
		{F57A4B1D-301F-4538-BEB0-630490041405}.Ad-Hoc|Mixed Platforms.ActiveCfg = Release|x86
		{F57A4B1D-301F-4538-BEB0-630490041405}.Ad-Hoc|Mixed Platforms.Build.0 = Release|x86
		{F57A4B1D-301F-4538-BEB0-630490041405}.Ad-Hoc|x64.ActiveCfg = Release|x64
		{F57A4B1D-301F-4538-BEB0-630490041405}.Ad-Hoc|x64.Build.0 = Release|x64
		{F57A4B1D-301F-4538-BEB0-630490041405}.Ad-Hoc|x86.ActiveCfg = Release|x86
		{F57A4B1D-301F-4538-BEB0-630490041405}.Ad-Hoc|x86.Build.0 = Release|x86
		{F57A4B1D-301F-4538-BEB0-630490041405}.AppStore|Any CPU.ActiveCfg = Release|Any CPU
		{F57A4B1D-301F-4538-BEB0-630490041405}.AppStore|Any CPU.Build.0 = Release|Any CPU
		{F57A4B1D-301F-4538-BEB0-630490041405}.AppStore|ARM.ActiveCfg = Release|ARM
		{F57A4B1D-301F-4538-BEB0-630490041405}.AppStore|ARM.Build.0 = Release|ARM
		{F57A4B1D-301F-4538-BEB0-630490041405}.AppStore|iPhone.ActiveCfg = Release|Any CPU
		{F57A4B1D-301F-4538-BEB0-630490041405}.AppStore|iPhone.Build.0 = Release|Any CPU
		{F57A4B1D-301F-4538-BEB0-630490041405}.AppStore|iPhoneSimulator.ActiveCfg = Release|Any CPU
		{F57A4B1D-301F-4538-BEB0-630490041405}.AppStore|iPhoneSimulator.Build.0 = Release|Any CPU
		{F57A4B1D-301F-4538-BEB0-630490041405}.AppStore|Mixed Platforms.ActiveCfg = Release|x86
		{F57A4B1D-301F-4538-BEB0-630490041405}.AppStore|Mixed Platforms.Build.0 = Release|x86
		{F57A4B1D-301F-4538-BEB0-630490041405}.AppStore|x64.ActiveCfg = Release|x64
		{F57A4B1D-301F-4538-BEB0-630490041405}.AppStore|x64.Build.0 = Release|x64
		{F57A4B1D-301F-4538-BEB0-630490041405}.AppStore|x86.ActiveCfg = Release|x86
		{F57A4B1D-301F-4538-BEB0-630490041405}.AppStore|x86.Build.0 = Release|x86
		{F57A4B1D-301F-4538-BEB0-630490041405}.Debug|Any CPU.ActiveCfg = Debug|Any CPU
		{F57A4B1D-301F-4538-BEB0-630490041405}.Debug|Any CPU.Build.0 = Debug|Any CPU
		{F57A4B1D-301F-4538-BEB0-630490041405}.Debug|ARM.ActiveCfg = Debug|ARM
		{F57A4B1D-301F-4538-BEB0-630490041405}.Debug|ARM.Build.0 = Debug|ARM
		{F57A4B1D-301F-4538-BEB0-630490041405}.Debug|iPhone.ActiveCfg = Debug|Any CPU
		{F57A4B1D-301F-4538-BEB0-630490041405}.Debug|iPhone.Build.0 = Debug|Any CPU
		{F57A4B1D-301F-4538-BEB0-630490041405}.Debug|iPhoneSimulator.ActiveCfg = Debug|Any CPU
		{F57A4B1D-301F-4538-BEB0-630490041405}.Debug|iPhoneSimulator.Build.0 = Debug|Any CPU
		{F57A4B1D-301F-4538-BEB0-630490041405}.Debug|Mixed Platforms.ActiveCfg = Debug|x86
		{F57A4B1D-301F-4538-BEB0-630490041405}.Debug|Mixed Platforms.Build.0 = Debug|x86
		{F57A4B1D-301F-4538-BEB0-630490041405}.Debug|x64.ActiveCfg = Debug|x64
		{F57A4B1D-301F-4538-BEB0-630490041405}.Debug|x64.Build.0 = Debug|x64
		{F57A4B1D-301F-4538-BEB0-630490041405}.Debug|x86.ActiveCfg = Debug|x86
		{F57A4B1D-301F-4538-BEB0-630490041405}.Debug|x86.Build.0 = Debug|x86
		{F57A4B1D-301F-4538-BEB0-630490041405}.Release|Any CPU.ActiveCfg = Release|Any CPU
		{F57A4B1D-301F-4538-BEB0-630490041405}.Release|Any CPU.Build.0 = Release|Any CPU
		{F57A4B1D-301F-4538-BEB0-630490041405}.Release|ARM.ActiveCfg = Release|ARM
		{F57A4B1D-301F-4538-BEB0-630490041405}.Release|ARM.Build.0 = Release|ARM
		{F57A4B1D-301F-4538-BEB0-630490041405}.Release|iPhone.ActiveCfg = Release|Any CPU
		{F57A4B1D-301F-4538-BEB0-630490041405}.Release|iPhone.Build.0 = Release|Any CPU
		{F57A4B1D-301F-4538-BEB0-630490041405}.Release|iPhoneSimulator.ActiveCfg = Release|Any CPU
		{F57A4B1D-301F-4538-BEB0-630490041405}.Release|iPhoneSimulator.Build.0 = Release|Any CPU
		{F57A4B1D-301F-4538-BEB0-630490041405}.Release|Mixed Platforms.ActiveCfg = Release|x86
		{F57A4B1D-301F-4538-BEB0-630490041405}.Release|Mixed Platforms.Build.0 = Release|x86
		{F57A4B1D-301F-4538-BEB0-630490041405}.Release|x64.ActiveCfg = Release|x64
		{F57A4B1D-301F-4538-BEB0-630490041405}.Release|x64.Build.0 = Release|x64
		{F57A4B1D-301F-4538-BEB0-630490041405}.Release|x86.ActiveCfg = Release|x86
		{F57A4B1D-301F-4538-BEB0-630490041405}.Release|x86.Build.0 = Release|x86
		{789A9077-F71C-4222-8D63-0EEFEFFE327F}.Ad-Hoc|Any CPU.ActiveCfg = Release|x64
		{789A9077-F71C-4222-8D63-0EEFEFFE327F}.Ad-Hoc|Any CPU.Build.0 = Release|x64
		{789A9077-F71C-4222-8D63-0EEFEFFE327F}.Ad-Hoc|Any CPU.Deploy.0 = Release|x64
		{789A9077-F71C-4222-8D63-0EEFEFFE327F}.Ad-Hoc|ARM.ActiveCfg = Release|ARM
		{789A9077-F71C-4222-8D63-0EEFEFFE327F}.Ad-Hoc|ARM.Build.0 = Release|ARM
		{789A9077-F71C-4222-8D63-0EEFEFFE327F}.Ad-Hoc|ARM.Deploy.0 = Release|ARM
		{789A9077-F71C-4222-8D63-0EEFEFFE327F}.Ad-Hoc|iPhone.ActiveCfg = Release|x64
		{789A9077-F71C-4222-8D63-0EEFEFFE327F}.Ad-Hoc|iPhone.Build.0 = Release|x64
		{789A9077-F71C-4222-8D63-0EEFEFFE327F}.Ad-Hoc|iPhone.Deploy.0 = Release|x64
		{789A9077-F71C-4222-8D63-0EEFEFFE327F}.Ad-Hoc|iPhoneSimulator.ActiveCfg = Release|x64
		{789A9077-F71C-4222-8D63-0EEFEFFE327F}.Ad-Hoc|iPhoneSimulator.Build.0 = Release|x64
		{789A9077-F71C-4222-8D63-0EEFEFFE327F}.Ad-Hoc|iPhoneSimulator.Deploy.0 = Release|x64
		{789A9077-F71C-4222-8D63-0EEFEFFE327F}.Ad-Hoc|Mixed Platforms.ActiveCfg = Release|x86
		{789A9077-F71C-4222-8D63-0EEFEFFE327F}.Ad-Hoc|Mixed Platforms.Build.0 = Release|x86
		{789A9077-F71C-4222-8D63-0EEFEFFE327F}.Ad-Hoc|Mixed Platforms.Deploy.0 = Release|x86
		{789A9077-F71C-4222-8D63-0EEFEFFE327F}.Ad-Hoc|x64.ActiveCfg = Release|x64
		{789A9077-F71C-4222-8D63-0EEFEFFE327F}.Ad-Hoc|x64.Build.0 = Release|x64
		{789A9077-F71C-4222-8D63-0EEFEFFE327F}.Ad-Hoc|x64.Deploy.0 = Release|x64
		{789A9077-F71C-4222-8D63-0EEFEFFE327F}.Ad-Hoc|x86.ActiveCfg = Release|x86
		{789A9077-F71C-4222-8D63-0EEFEFFE327F}.Ad-Hoc|x86.Build.0 = Release|x86
		{789A9077-F71C-4222-8D63-0EEFEFFE327F}.Ad-Hoc|x86.Deploy.0 = Release|x86
		{789A9077-F71C-4222-8D63-0EEFEFFE327F}.AppStore|Any CPU.ActiveCfg = Release|x64
		{789A9077-F71C-4222-8D63-0EEFEFFE327F}.AppStore|Any CPU.Build.0 = Release|x64
		{789A9077-F71C-4222-8D63-0EEFEFFE327F}.AppStore|Any CPU.Deploy.0 = Release|x64
		{789A9077-F71C-4222-8D63-0EEFEFFE327F}.AppStore|ARM.ActiveCfg = Release|ARM
		{789A9077-F71C-4222-8D63-0EEFEFFE327F}.AppStore|ARM.Build.0 = Release|ARM
		{789A9077-F71C-4222-8D63-0EEFEFFE327F}.AppStore|ARM.Deploy.0 = Release|ARM
		{789A9077-F71C-4222-8D63-0EEFEFFE327F}.AppStore|iPhone.ActiveCfg = Release|x64
		{789A9077-F71C-4222-8D63-0EEFEFFE327F}.AppStore|iPhone.Build.0 = Release|x64
		{789A9077-F71C-4222-8D63-0EEFEFFE327F}.AppStore|iPhone.Deploy.0 = Release|x64
		{789A9077-F71C-4222-8D63-0EEFEFFE327F}.AppStore|iPhoneSimulator.ActiveCfg = Release|x64
		{789A9077-F71C-4222-8D63-0EEFEFFE327F}.AppStore|iPhoneSimulator.Build.0 = Release|x64
		{789A9077-F71C-4222-8D63-0EEFEFFE327F}.AppStore|iPhoneSimulator.Deploy.0 = Release|x64
		{789A9077-F71C-4222-8D63-0EEFEFFE327F}.AppStore|Mixed Platforms.ActiveCfg = Release|x86
		{789A9077-F71C-4222-8D63-0EEFEFFE327F}.AppStore|Mixed Platforms.Build.0 = Release|x86
		{789A9077-F71C-4222-8D63-0EEFEFFE327F}.AppStore|Mixed Platforms.Deploy.0 = Release|x86
		{789A9077-F71C-4222-8D63-0EEFEFFE327F}.AppStore|x64.ActiveCfg = Release|x64
		{789A9077-F71C-4222-8D63-0EEFEFFE327F}.AppStore|x64.Build.0 = Release|x64
		{789A9077-F71C-4222-8D63-0EEFEFFE327F}.AppStore|x64.Deploy.0 = Release|x64
		{789A9077-F71C-4222-8D63-0EEFEFFE327F}.AppStore|x86.ActiveCfg = Release|x86
		{789A9077-F71C-4222-8D63-0EEFEFFE327F}.AppStore|x86.Build.0 = Release|x86
		{789A9077-F71C-4222-8D63-0EEFEFFE327F}.AppStore|x86.Deploy.0 = Release|x86
		{789A9077-F71C-4222-8D63-0EEFEFFE327F}.Debug|Any CPU.ActiveCfg = Debug|x86
		{789A9077-F71C-4222-8D63-0EEFEFFE327F}.Debug|ARM.ActiveCfg = Debug|ARM
		{789A9077-F71C-4222-8D63-0EEFEFFE327F}.Debug|ARM.Build.0 = Debug|ARM
		{789A9077-F71C-4222-8D63-0EEFEFFE327F}.Debug|ARM.Deploy.0 = Debug|ARM
		{789A9077-F71C-4222-8D63-0EEFEFFE327F}.Debug|iPhone.ActiveCfg = Debug|x86
		{789A9077-F71C-4222-8D63-0EEFEFFE327F}.Debug|iPhoneSimulator.ActiveCfg = Debug|x86
		{789A9077-F71C-4222-8D63-0EEFEFFE327F}.Debug|Mixed Platforms.ActiveCfg = Debug|x86
		{789A9077-F71C-4222-8D63-0EEFEFFE327F}.Debug|Mixed Platforms.Build.0 = Debug|x86
		{789A9077-F71C-4222-8D63-0EEFEFFE327F}.Debug|Mixed Platforms.Deploy.0 = Debug|x86
		{789A9077-F71C-4222-8D63-0EEFEFFE327F}.Debug|x64.ActiveCfg = Debug|x64
		{789A9077-F71C-4222-8D63-0EEFEFFE327F}.Debug|x64.Build.0 = Debug|x64
		{789A9077-F71C-4222-8D63-0EEFEFFE327F}.Debug|x64.Deploy.0 = Debug|x64
		{789A9077-F71C-4222-8D63-0EEFEFFE327F}.Debug|x86.ActiveCfg = Debug|x86
		{789A9077-F71C-4222-8D63-0EEFEFFE327F}.Debug|x86.Build.0 = Debug|x86
		{789A9077-F71C-4222-8D63-0EEFEFFE327F}.Debug|x86.Deploy.0 = Debug|x86
		{789A9077-F71C-4222-8D63-0EEFEFFE327F}.Release|Any CPU.ActiveCfg = Release|x86
		{789A9077-F71C-4222-8D63-0EEFEFFE327F}.Release|ARM.ActiveCfg = Release|ARM
		{789A9077-F71C-4222-8D63-0EEFEFFE327F}.Release|ARM.Build.0 = Release|ARM
		{789A9077-F71C-4222-8D63-0EEFEFFE327F}.Release|ARM.Deploy.0 = Release|ARM
		{789A9077-F71C-4222-8D63-0EEFEFFE327F}.Release|iPhone.ActiveCfg = Release|x86
		{789A9077-F71C-4222-8D63-0EEFEFFE327F}.Release|iPhoneSimulator.ActiveCfg = Release|x86
		{789A9077-F71C-4222-8D63-0EEFEFFE327F}.Release|Mixed Platforms.ActiveCfg = Release|x86
		{789A9077-F71C-4222-8D63-0EEFEFFE327F}.Release|Mixed Platforms.Build.0 = Release|x86
		{789A9077-F71C-4222-8D63-0EEFEFFE327F}.Release|Mixed Platforms.Deploy.0 = Release|x86
		{789A9077-F71C-4222-8D63-0EEFEFFE327F}.Release|x64.ActiveCfg = Release|x64
		{789A9077-F71C-4222-8D63-0EEFEFFE327F}.Release|x64.Build.0 = Release|x64
		{789A9077-F71C-4222-8D63-0EEFEFFE327F}.Release|x64.Deploy.0 = Release|x64
		{789A9077-F71C-4222-8D63-0EEFEFFE327F}.Release|x86.ActiveCfg = Release|x86
		{789A9077-F71C-4222-8D63-0EEFEFFE327F}.Release|x86.Build.0 = Release|x86
		{789A9077-F71C-4222-8D63-0EEFEFFE327F}.Release|x86.Deploy.0 = Release|x86
	EndGlobalSection
	GlobalSection(SolutionProperties) = preSolution
		HideSolutionNode = FALSE
	EndGlobalSection
	GlobalSection(NestedProjects) = preSolution
		{F57A4B1D-301F-4538-BEB0-630490041405} = {FC473381-4015-409F-9826-B5DB07251EE5}
		{789A9077-F71C-4222-8D63-0EEFEFFE327F} = {FC473381-4015-409F-9826-B5DB07251EE5}
	EndGlobalSection
EndGlobal
