
Microsoft Visual Studio Solution File, Format Version 12.00
# Visual Studio 2012
Project("{D954291E-2A0B-460D-934E-DC6B0785DB48}") = "NGraphics", "XGraphics\NGraphics.shproj", "{A85E498E-6647-4D4A-B612-8C3CC992BCFF}"
EndProject
Project("{FAE04EC0-301F-11D3-BF4B-00C04F79EFBC}") = "NGraphics.Test", "XGraphics.Test\NGraphics.Test.csproj", "{78835892-F0FE-4BB5-8B8A-AF0E8A93CDB8}"
EndProject
Global
	GlobalSection(SolutionConfigurationPlatforms) = preSolution
		Debug|Any CPU = Debug|Any CPU
		Release|Any CPU = Release|Any CPU
	EndGlobalSection
	GlobalSection(ProjectConfigurationPlatforms) = postSolution
		{78835892-F0FE-4BB5-8B8A-AF0E8A93CDB8}.Debug|Any CPU.ActiveCfg = Debug|Any CPU
		{78835892-F0FE-4BB5-8B8A-AF0E8A93CDB8}.Debug|Any CPU.Build.0 = Debug|Any CPU
		{78835892-F0FE-4BB5-8B8A-AF0E8A93CDB8}.Release|Any CPU.ActiveCfg = Release|Any CPU
		{78835892-F0FE-4BB5-8B8A-AF0E8A93CDB8}.Release|Any CPU.Build.0 = Release|Any CPU
	EndGlobalSection
EndGlobal
