
Microsoft Visual Studio Solution File, Format Version 12.00
# Visual Studio 2013
VisualStudioVersion = 12.0.31101.0
MinimumVisualStudioVersion = 10.0.40219.1
Project("{FAE04EC0-301F-11D3-BF4B-00C04F79EFBC}") = "NGraphics.Test", "NGraphics.Test\NGraphics.Test.csproj", "{D8259A30-0714-4160-89AF-0C644551DF3B}"
EndProject
Project("{FAE04EC0-301F-11D3-BF4B-00C04F79EFBC}") = "NGraphics.Net", "Platforms\NGraphics.Net\NGraphics.Net.csproj", "{D59E8B57-9EC9-46FC-9E74-02FD6F2AA6FD}"
EndProject
Project("{FAE04EC0-301F-11D3-BF4B-00C04F79EFBC}") = "NGraphics", "NGraphics\NGraphics.csproj", "{4EA643B9-84F6-4AD4-B89E-AE230A7461B8}"
EndProject
Project("{FAE04EC0-301F-11D3-BF4B-00C04F79EFBC}") = "NGraphics.Net.Test", "Platforms\NGraphics.Net.Test\NGraphics.Net.Test.csproj", "{8E435CF3-C669-41BF-9768-7A40EBD21CC5}"
EndProject
Project("{FAE04EC0-301F-11D3-BF4B-00C04F79EFBC}") = "NGraphics.WindowsStore", "Platforms\NGraphics.WindowsStore\NGraphics.WindowsStore.csproj", "{35F0412D-049B-4660-8CFF-798833084D68}"
EndProject
Project("{FAE04EC0-301F-11D3-BF4B-00C04F79EFBC}") = "NGraphics.WindowsPhone", "Platforms\NGraphics.WindowsPhone\NGraphics.WindowsPhone.csproj", "{82348188-6DDB-4AB7-8DE5-E7D5A33975E1}"
EndProject
Global
	GlobalSection(SolutionConfigurationPlatforms) = preSolution
		Ad-Hoc|Any CPU = Ad-Hoc|Any CPU
		Ad-Hoc|ARM = Ad-Hoc|ARM
		Ad-Hoc|iPhone = Ad-Hoc|iPhone
		Ad-Hoc|iPhoneSimulator = Ad-Hoc|iPhoneSimulator
		Ad-Hoc|x64 = Ad-Hoc|x64
		Ad-Hoc|x86 = Ad-Hoc|x86
		AppStore|Any CPU = AppStore|Any CPU
		AppStore|ARM = AppStore|ARM
		AppStore|iPhone = AppStore|iPhone
		AppStore|iPhoneSimulator = AppStore|iPhoneSimulator
		AppStore|x64 = AppStore|x64
		AppStore|x86 = AppStore|x86
		Debug|Any CPU = Debug|Any CPU
		Debug|ARM = Debug|ARM
		Debug|iPhone = Debug|iPhone
		Debug|iPhoneSimulator = Debug|iPhoneSimulator
		Debug|x64 = Debug|x64
		Debug|x86 = Debug|x86
		Release|Any CPU = Release|Any CPU
		Release|ARM = Release|ARM
		Release|iPhone = Release|iPhone
		Release|iPhoneSimulator = Release|iPhoneSimulator
		Release|x64 = Release|x64
		Release|x86 = Release|x86
	EndGlobalSection
	GlobalSection(ProjectConfigurationPlatforms) = postSolution
		{D8259A30-0714-4160-89AF-0C644551DF3B}.Ad-Hoc|Any CPU.ActiveCfg = Release|Any CPU
		{D8259A30-0714-4160-89AF-0C644551DF3B}.Ad-Hoc|Any CPU.Build.0 = Release|Any CPU
		{D8259A30-0714-4160-89AF-0C644551DF3B}.Ad-Hoc|ARM.ActiveCfg = Debug|Any CPU
		{D8259A30-0714-4160-89AF-0C644551DF3B}.Ad-Hoc|iPhone.ActiveCfg = Debug|Any CPU
		{D8259A30-0714-4160-89AF-0C644551DF3B}.Ad-Hoc|iPhone.Build.0 = Debug|Any CPU
		{D8259A30-0714-4160-89AF-0C644551DF3B}.Ad-Hoc|iPhoneSimulator.ActiveCfg = Release|Any CPU
		{D8259A30-0714-4160-89AF-0C644551DF3B}.Ad-Hoc|x64.ActiveCfg = Debug|Any CPU
		{D8259A30-0714-4160-89AF-0C644551DF3B}.Ad-Hoc|x86.ActiveCfg = Debug|Any CPU
		{D8259A30-0714-4160-89AF-0C644551DF3B}.AppStore|Any CPU.ActiveCfg = Debug|Any CPU
		{D8259A30-0714-4160-89AF-0C644551DF3B}.AppStore|Any CPU.Build.0 = Debug|Any CPU
		{D8259A30-0714-4160-89AF-0C644551DF3B}.AppStore|ARM.ActiveCfg = Debug|Any CPU
		{D8259A30-0714-4160-89AF-0C644551DF3B}.AppStore|iPhone.ActiveCfg = Debug|Any CPU
		{D8259A30-0714-4160-89AF-0C644551DF3B}.AppStore|iPhone.Build.0 = Debug|Any CPU
		{D8259A30-0714-4160-89AF-0C644551DF3B}.AppStore|iPhoneSimulator.ActiveCfg = Release|Any CPU
		{D8259A30-0714-4160-89AF-0C644551DF3B}.AppStore|x64.ActiveCfg = Debug|Any CPU
		{D8259A30-0714-4160-89AF-0C644551DF3B}.AppStore|x86.ActiveCfg = Debug|Any CPU
		{D8259A30-0714-4160-89AF-0C644551DF3B}.Debug|Any CPU.ActiveCfg = Debug|Any CPU
		{D8259A30-0714-4160-89AF-0C644551DF3B}.Debug|Any CPU.Build.0 = Debug|Any CPU
		{D8259A30-0714-4160-89AF-0C644551DF3B}.Debug|ARM.ActiveCfg = Debug|Any CPU
		{D8259A30-0714-4160-89AF-0C644551DF3B}.Debug|iPhone.ActiveCfg = Debug|Any CPU
		{D8259A30-0714-4160-89AF-0C644551DF3B}.Debug|iPhone.Build.0 = Debug|Any CPU
		{D8259A30-0714-4160-89AF-0C644551DF3B}.Debug|iPhoneSimulator.ActiveCfg = Debug|Any CPU
		{D8259A30-0714-4160-89AF-0C644551DF3B}.Debug|iPhoneSimulator.Build.0 = Debug|Any CPU
		{D8259A30-0714-4160-89AF-0C644551DF3B}.Debug|x64.ActiveCfg = Debug|Any CPU
		{D8259A30-0714-4160-89AF-0C644551DF3B}.Debug|x86.ActiveCfg = Debug|Any CPU
		{D8259A30-0714-4160-89AF-0C644551DF3B}.Release|Any CPU.ActiveCfg = Release|Any CPU
		{D8259A30-0714-4160-89AF-0C644551DF3B}.Release|Any CPU.Build.0 = Release|Any CPU
		{D8259A30-0714-4160-89AF-0C644551DF3B}.Release|ARM.ActiveCfg = Release|Any CPU
		{D8259A30-0714-4160-89AF-0C644551DF3B}.Release|iPhone.ActiveCfg = Release|Any CPU
		{D8259A30-0714-4160-89AF-0C644551DF3B}.Release|iPhone.Build.0 = Release|Any CPU
		{D8259A30-0714-4160-89AF-0C644551DF3B}.Release|iPhoneSimulator.ActiveCfg = Release|Any CPU
		{D8259A30-0714-4160-89AF-0C644551DF3B}.Release|iPhoneSimulator.Build.0 = Release|Any CPU
		{D8259A30-0714-4160-89AF-0C644551DF3B}.Release|x64.ActiveCfg = Release|Any CPU
		{D8259A30-0714-4160-89AF-0C644551DF3B}.Release|x86.ActiveCfg = Release|Any CPU
		{D59E8B57-9EC9-46FC-9E74-02FD6F2AA6FD}.Ad-Hoc|Any CPU.ActiveCfg = Release|Any CPU
		{D59E8B57-9EC9-46FC-9E74-02FD6F2AA6FD}.Ad-Hoc|Any CPU.Build.0 = Release|Any CPU
		{D59E8B57-9EC9-46FC-9E74-02FD6F2AA6FD}.Ad-Hoc|ARM.ActiveCfg = Debug|Any CPU
		{D59E8B57-9EC9-46FC-9E74-02FD6F2AA6FD}.Ad-Hoc|iPhone.ActiveCfg = Debug|Any CPU
		{D59E8B57-9EC9-46FC-9E74-02FD6F2AA6FD}.Ad-Hoc|iPhone.Build.0 = Debug|Any CPU
		{D59E8B57-9EC9-46FC-9E74-02FD6F2AA6FD}.Ad-Hoc|iPhoneSimulator.ActiveCfg = Release|Any CPU
		{D59E8B57-9EC9-46FC-9E74-02FD6F2AA6FD}.Ad-Hoc|x64.ActiveCfg = Debug|Any CPU
		{D59E8B57-9EC9-46FC-9E74-02FD6F2AA6FD}.Ad-Hoc|x86.ActiveCfg = Debug|Any CPU
		{D59E8B57-9EC9-46FC-9E74-02FD6F2AA6FD}.AppStore|Any CPU.ActiveCfg = Release|Any CPU
		{D59E8B57-9EC9-46FC-9E74-02FD6F2AA6FD}.AppStore|Any CPU.Build.0 = Release|Any CPU
		{D59E8B57-9EC9-46FC-9E74-02FD6F2AA6FD}.AppStore|ARM.ActiveCfg = Debug|Any CPU
		{D59E8B57-9EC9-46FC-9E74-02FD6F2AA6FD}.AppStore|iPhone.ActiveCfg = Debug|Any CPU
		{D59E8B57-9EC9-46FC-9E74-02FD6F2AA6FD}.AppStore|iPhone.Build.0 = Debug|Any CPU
		{D59E8B57-9EC9-46FC-9E74-02FD6F2AA6FD}.AppStore|iPhoneSimulator.ActiveCfg = Release|Any CPU
		{D59E8B57-9EC9-46FC-9E74-02FD6F2AA6FD}.AppStore|x64.ActiveCfg = Debug|Any CPU
		{D59E8B57-9EC9-46FC-9E74-02FD6F2AA6FD}.AppStore|x86.ActiveCfg = Debug|Any CPU
		{D59E8B57-9EC9-46FC-9E74-02FD6F2AA6FD}.Debug|Any CPU.ActiveCfg = Debug|Any CPU
		{D59E8B57-9EC9-46FC-9E74-02FD6F2AA6FD}.Debug|Any CPU.Build.0 = Debug|Any CPU
		{D59E8B57-9EC9-46FC-9E74-02FD6F2AA6FD}.Debug|ARM.ActiveCfg = Debug|Any CPU
		{D59E8B57-9EC9-46FC-9E74-02FD6F2AA6FD}.Debug|iPhone.ActiveCfg = Debug|Any CPU
		{D59E8B57-9EC9-46FC-9E74-02FD6F2AA6FD}.Debug|iPhone.Build.0 = Debug|Any CPU
		{D59E8B57-9EC9-46FC-9E74-02FD6F2AA6FD}.Debug|iPhoneSimulator.ActiveCfg = Debug|Any CPU
		{D59E8B57-9EC9-46FC-9E74-02FD6F2AA6FD}.Debug|iPhoneSimulator.Build.0 = Debug|Any CPU
		{D59E8B57-9EC9-46FC-9E74-02FD6F2AA6FD}.Debug|x64.ActiveCfg = Debug|Any CPU
		{D59E8B57-9EC9-46FC-9E74-02FD6F2AA6FD}.Debug|x86.ActiveCfg = Debug|Any CPU
		{D59E8B57-9EC9-46FC-9E74-02FD6F2AA6FD}.Release|Any CPU.ActiveCfg = Release|Any CPU
		{D59E8B57-9EC9-46FC-9E74-02FD6F2AA6FD}.Release|Any CPU.Build.0 = Release|Any CPU
		{D59E8B57-9EC9-46FC-9E74-02FD6F2AA6FD}.Release|ARM.ActiveCfg = Release|Any CPU
		{D59E8B57-9EC9-46FC-9E74-02FD6F2AA6FD}.Release|iPhone.ActiveCfg = Release|Any CPU
		{D59E8B57-9EC9-46FC-9E74-02FD6F2AA6FD}.Release|iPhone.Build.0 = Release|Any CPU
		{D59E8B57-9EC9-46FC-9E74-02FD6F2AA6FD}.Release|iPhoneSimulator.ActiveCfg = Release|Any CPU
		{D59E8B57-9EC9-46FC-9E74-02FD6F2AA6FD}.Release|iPhoneSimulator.Build.0 = Release|Any CPU
		{D59E8B57-9EC9-46FC-9E74-02FD6F2AA6FD}.Release|x64.ActiveCfg = Release|Any CPU
		{D59E8B57-9EC9-46FC-9E74-02FD6F2AA6FD}.Release|x86.ActiveCfg = Release|Any CPU
		{4EA643B9-84F6-4AD4-B89E-AE230A7461B8}.Ad-Hoc|Any CPU.ActiveCfg = Debug|Any CPU
		{4EA643B9-84F6-4AD4-B89E-AE230A7461B8}.Ad-Hoc|Any CPU.Build.0 = Debug|Any CPU
		{4EA643B9-84F6-4AD4-B89E-AE230A7461B8}.Ad-Hoc|ARM.ActiveCfg = Release|Any CPU
		{4EA643B9-84F6-4AD4-B89E-AE230A7461B8}.Ad-Hoc|iPhone.ActiveCfg = Release|Any CPU
		{4EA643B9-84F6-4AD4-B89E-AE230A7461B8}.Ad-Hoc|iPhone.Build.0 = Release|Any CPU
		{4EA643B9-84F6-4AD4-B89E-AE230A7461B8}.Ad-Hoc|iPhoneSimulator.ActiveCfg = Debug|Any CPU
		{4EA643B9-84F6-4AD4-B89E-AE230A7461B8}.Ad-Hoc|x64.ActiveCfg = Release|Any CPU
		{4EA643B9-84F6-4AD4-B89E-AE230A7461B8}.Ad-Hoc|x86.ActiveCfg = Release|Any CPU
		{4EA643B9-84F6-4AD4-B89E-AE230A7461B8}.AppStore|Any CPU.ActiveCfg = Release|Any CPU
		{4EA643B9-84F6-4AD4-B89E-AE230A7461B8}.AppStore|Any CPU.Build.0 = Release|Any CPU
		{4EA643B9-84F6-4AD4-B89E-AE230A7461B8}.AppStore|ARM.ActiveCfg = Release|Any CPU
		{4EA643B9-84F6-4AD4-B89E-AE230A7461B8}.AppStore|iPhone.ActiveCfg = Release|Any CPU
		{4EA643B9-84F6-4AD4-B89E-AE230A7461B8}.AppStore|iPhone.Build.0 = Release|Any CPU
		{4EA643B9-84F6-4AD4-B89E-AE230A7461B8}.AppStore|iPhoneSimulator.ActiveCfg = Debug|Any CPU
		{4EA643B9-84F6-4AD4-B89E-AE230A7461B8}.AppStore|x64.ActiveCfg = Release|Any CPU
		{4EA643B9-84F6-4AD4-B89E-AE230A7461B8}.AppStore|x86.ActiveCfg = Release|Any CPU
		{4EA643B9-84F6-4AD4-B89E-AE230A7461B8}.Debug|Any CPU.ActiveCfg = Debug|Any CPU
		{4EA643B9-84F6-4AD4-B89E-AE230A7461B8}.Debug|Any CPU.Build.0 = Debug|Any CPU
		{4EA643B9-84F6-4AD4-B89E-AE230A7461B8}.Debug|ARM.ActiveCfg = Debug|Any CPU
		{4EA643B9-84F6-4AD4-B89E-AE230A7461B8}.Debug|iPhone.ActiveCfg = Debug|Any CPU
		{4EA643B9-84F6-4AD4-B89E-AE230A7461B8}.Debug|iPhone.Build.0 = Debug|Any CPU
		{4EA643B9-84F6-4AD4-B89E-AE230A7461B8}.Debug|iPhoneSimulator.ActiveCfg = Debug|Any CPU
		{4EA643B9-84F6-4AD4-B89E-AE230A7461B8}.Debug|iPhoneSimulator.Build.0 = Debug|Any CPU
		{4EA643B9-84F6-4AD4-B89E-AE230A7461B8}.Debug|x64.ActiveCfg = Debug|Any CPU
		{4EA643B9-84F6-4AD4-B89E-AE230A7461B8}.Debug|x86.ActiveCfg = Debug|Any CPU
		{4EA643B9-84F6-4AD4-B89E-AE230A7461B8}.Release|Any CPU.ActiveCfg = Release|Any CPU
		{4EA643B9-84F6-4AD4-B89E-AE230A7461B8}.Release|Any CPU.Build.0 = Release|Any CPU
		{4EA643B9-84F6-4AD4-B89E-AE230A7461B8}.Release|ARM.ActiveCfg = Release|Any CPU
		{4EA643B9-84F6-4AD4-B89E-AE230A7461B8}.Release|iPhone.ActiveCfg = Release|Any CPU
		{4EA643B9-84F6-4AD4-B89E-AE230A7461B8}.Release|iPhone.Build.0 = Release|Any CPU
		{4EA643B9-84F6-4AD4-B89E-AE230A7461B8}.Release|iPhoneSimulator.ActiveCfg = Release|Any CPU
		{4EA643B9-84F6-4AD4-B89E-AE230A7461B8}.Release|iPhoneSimulator.Build.0 = Release|Any CPU
		{4EA643B9-84F6-4AD4-B89E-AE230A7461B8}.Release|x64.ActiveCfg = Release|Any CPU
		{4EA643B9-84F6-4AD4-B89E-AE230A7461B8}.Release|x86.ActiveCfg = Release|Any CPU
		{8E435CF3-C669-41BF-9768-7A40EBD21CC5}.Ad-Hoc|Any CPU.ActiveCfg = Release|Any CPU
		{8E435CF3-C669-41BF-9768-7A40EBD21CC5}.Ad-Hoc|Any CPU.Build.0 = Release|Any CPU
		{8E435CF3-C669-41BF-9768-7A40EBD21CC5}.Ad-Hoc|ARM.ActiveCfg = Debug|Any CPU
		{8E435CF3-C669-41BF-9768-7A40EBD21CC5}.Ad-Hoc|iPhone.ActiveCfg = Debug|Any CPU
		{8E435CF3-C669-41BF-9768-7A40EBD21CC5}.Ad-Hoc|iPhone.Build.0 = Debug|Any CPU
		{8E435CF3-C669-41BF-9768-7A40EBD21CC5}.Ad-Hoc|iPhoneSimulator.ActiveCfg = Release|Any CPU
		{8E435CF3-C669-41BF-9768-7A40EBD21CC5}.Ad-Hoc|x64.ActiveCfg = Debug|Any CPU
		{8E435CF3-C669-41BF-9768-7A40EBD21CC5}.Ad-Hoc|x86.ActiveCfg = Debug|Any CPU
		{8E435CF3-C669-41BF-9768-7A40EBD21CC5}.AppStore|Any CPU.ActiveCfg = Release|Any CPU
		{8E435CF3-C669-41BF-9768-7A40EBD21CC5}.AppStore|Any CPU.Build.0 = Release|Any CPU
		{8E435CF3-C669-41BF-9768-7A40EBD21CC5}.AppStore|ARM.ActiveCfg = Debug|Any CPU
		{8E435CF3-C669-41BF-9768-7A40EBD21CC5}.AppStore|iPhone.ActiveCfg = Release|Any CPU
		{8E435CF3-C669-41BF-9768-7A40EBD21CC5}.AppStore|iPhone.Build.0 = Release|Any CPU
		{8E435CF3-C669-41BF-9768-7A40EBD21CC5}.AppStore|iPhoneSimulator.ActiveCfg = Release|Any CPU
		{8E435CF3-C669-41BF-9768-7A40EBD21CC5}.AppStore|x64.ActiveCfg = Debug|Any CPU
		{8E435CF3-C669-41BF-9768-7A40EBD21CC5}.AppStore|x86.ActiveCfg = Debug|Any CPU
		{8E435CF3-C669-41BF-9768-7A40EBD21CC5}.Debug|Any CPU.ActiveCfg = Debug|Any CPU
		{8E435CF3-C669-41BF-9768-7A40EBD21CC5}.Debug|Any CPU.Build.0 = Debug|Any CPU
		{8E435CF3-C669-41BF-9768-7A40EBD21CC5}.Debug|ARM.ActiveCfg = Debug|Any CPU
		{8E435CF3-C669-41BF-9768-7A40EBD21CC5}.Debug|iPhone.ActiveCfg = Debug|Any CPU
		{8E435CF3-C669-41BF-9768-7A40EBD21CC5}.Debug|iPhone.Build.0 = Debug|Any CPU
		{8E435CF3-C669-41BF-9768-7A40EBD21CC5}.Debug|iPhoneSimulator.ActiveCfg = Debug|Any CPU
		{8E435CF3-C669-41BF-9768-7A40EBD21CC5}.Debug|iPhoneSimulator.Build.0 = Debug|Any CPU
		{8E435CF3-C669-41BF-9768-7A40EBD21CC5}.Debug|x64.ActiveCfg = Debug|Any CPU
		{8E435CF3-C669-41BF-9768-7A40EBD21CC5}.Debug|x86.ActiveCfg = Debug|Any CPU
		{8E435CF3-C669-41BF-9768-7A40EBD21CC5}.Release|Any CPU.ActiveCfg = Release|Any CPU
		{8E435CF3-C669-41BF-9768-7A40EBD21CC5}.Release|Any CPU.Build.0 = Release|Any CPU
		{8E435CF3-C669-41BF-9768-7A40EBD21CC5}.Release|ARM.ActiveCfg = Release|Any CPU
		{8E435CF3-C669-41BF-9768-7A40EBD21CC5}.Release|iPhone.ActiveCfg = Release|Any CPU
		{8E435CF3-C669-41BF-9768-7A40EBD21CC5}.Release|iPhone.Build.0 = Release|Any CPU
		{8E435CF3-C669-41BF-9768-7A40EBD21CC5}.Release|iPhoneSimulator.ActiveCfg = Release|Any CPU
		{8E435CF3-C669-41BF-9768-7A40EBD21CC5}.Release|iPhoneSimulator.Build.0 = Release|Any CPU
		{8E435CF3-C669-41BF-9768-7A40EBD21CC5}.Release|x64.ActiveCfg = Release|Any CPU
		{8E435CF3-C669-41BF-9768-7A40EBD21CC5}.Release|x86.ActiveCfg = Release|Any CPU
		{35F0412D-049B-4660-8CFF-798833084D68}.Ad-Hoc|Any CPU.ActiveCfg = Release|Any CPU
		{35F0412D-049B-4660-8CFF-798833084D68}.Ad-Hoc|Any CPU.Build.0 = Release|Any CPU
		{35F0412D-049B-4660-8CFF-798833084D68}.Ad-Hoc|ARM.ActiveCfg = Release|ARM
		{35F0412D-049B-4660-8CFF-798833084D68}.Ad-Hoc|ARM.Build.0 = Release|ARM
		{35F0412D-049B-4660-8CFF-798833084D68}.Ad-Hoc|iPhone.ActiveCfg = Release|Any CPU
		{35F0412D-049B-4660-8CFF-798833084D68}.Ad-Hoc|iPhoneSimulator.ActiveCfg = Release|Any CPU
		{35F0412D-049B-4660-8CFF-798833084D68}.Ad-Hoc|x64.ActiveCfg = Release|x64
		{35F0412D-049B-4660-8CFF-798833084D68}.Ad-Hoc|x64.Build.0 = Release|x64
		{35F0412D-049B-4660-8CFF-798833084D68}.Ad-Hoc|x86.ActiveCfg = Release|x86
		{35F0412D-049B-4660-8CFF-798833084D68}.Ad-Hoc|x86.Build.0 = Release|x86
		{35F0412D-049B-4660-8CFF-798833084D68}.AppStore|Any CPU.ActiveCfg = Release|Any CPU
		{35F0412D-049B-4660-8CFF-798833084D68}.AppStore|Any CPU.Build.0 = Release|Any CPU
		{35F0412D-049B-4660-8CFF-798833084D68}.AppStore|ARM.ActiveCfg = Release|ARM
		{35F0412D-049B-4660-8CFF-798833084D68}.AppStore|ARM.Build.0 = Release|ARM
		{35F0412D-049B-4660-8CFF-798833084D68}.AppStore|iPhone.ActiveCfg = Release|Any CPU
		{35F0412D-049B-4660-8CFF-798833084D68}.AppStore|iPhoneSimulator.ActiveCfg = Release|Any CPU
		{35F0412D-049B-4660-8CFF-798833084D68}.AppStore|x64.ActiveCfg = Release|x64
		{35F0412D-049B-4660-8CFF-798833084D68}.AppStore|x64.Build.0 = Release|x64
		{35F0412D-049B-4660-8CFF-798833084D68}.AppStore|x86.ActiveCfg = Release|x86
		{35F0412D-049B-4660-8CFF-798833084D68}.AppStore|x86.Build.0 = Release|x86
		{35F0412D-049B-4660-8CFF-798833084D68}.Debug|Any CPU.ActiveCfg = Debug|Any CPU
		{35F0412D-049B-4660-8CFF-798833084D68}.Debug|Any CPU.Build.0 = Debug|Any CPU
		{35F0412D-049B-4660-8CFF-798833084D68}.Debug|ARM.ActiveCfg = Debug|ARM
		{35F0412D-049B-4660-8CFF-798833084D68}.Debug|ARM.Build.0 = Debug|ARM
		{35F0412D-049B-4660-8CFF-798833084D68}.Debug|iPhone.ActiveCfg = Debug|Any CPU
		{35F0412D-049B-4660-8CFF-798833084D68}.Debug|iPhoneSimulator.ActiveCfg = Debug|Any CPU
		{35F0412D-049B-4660-8CFF-798833084D68}.Debug|x64.ActiveCfg = Debug|x64
		{35F0412D-049B-4660-8CFF-798833084D68}.Debug|x64.Build.0 = Debug|x64
		{35F0412D-049B-4660-8CFF-798833084D68}.Debug|x86.ActiveCfg = Debug|x86
		{35F0412D-049B-4660-8CFF-798833084D68}.Debug|x86.Build.0 = Debug|x86
		{35F0412D-049B-4660-8CFF-798833084D68}.Release|Any CPU.ActiveCfg = Release|Any CPU
		{35F0412D-049B-4660-8CFF-798833084D68}.Release|Any CPU.Build.0 = Release|Any CPU
		{35F0412D-049B-4660-8CFF-798833084D68}.Release|ARM.ActiveCfg = Release|ARM
		{35F0412D-049B-4660-8CFF-798833084D68}.Release|ARM.Build.0 = Release|ARM
		{35F0412D-049B-4660-8CFF-798833084D68}.Release|iPhone.ActiveCfg = Release|Any CPU
		{35F0412D-049B-4660-8CFF-798833084D68}.Release|iPhoneSimulator.ActiveCfg = Release|Any CPU
		{35F0412D-049B-4660-8CFF-798833084D68}.Release|x64.ActiveCfg = Release|x64
		{35F0412D-049B-4660-8CFF-798833084D68}.Release|x64.Build.0 = Release|x64
		{35F0412D-049B-4660-8CFF-798833084D68}.Release|x86.ActiveCfg = Release|x86
		{35F0412D-049B-4660-8CFF-798833084D68}.Release|x86.Build.0 = Release|x86
		{82348188-6DDB-4AB7-8DE5-E7D5A33975E1}.Ad-Hoc|Any CPU.ActiveCfg = Release|Any CPU
		{82348188-6DDB-4AB7-8DE5-E7D5A33975E1}.Ad-Hoc|Any CPU.Build.0 = Release|Any CPU
		{82348188-6DDB-4AB7-8DE5-E7D5A33975E1}.Ad-Hoc|ARM.ActiveCfg = Release|ARM
		{82348188-6DDB-4AB7-8DE5-E7D5A33975E1}.Ad-Hoc|ARM.Build.0 = Release|ARM
		{82348188-6DDB-4AB7-8DE5-E7D5A33975E1}.Ad-Hoc|iPhone.ActiveCfg = Release|Any CPU
		{82348188-6DDB-4AB7-8DE5-E7D5A33975E1}.Ad-Hoc|iPhoneSimulator.ActiveCfg = Release|Any CPU
		{82348188-6DDB-4AB7-8DE5-E7D5A33975E1}.Ad-Hoc|x64.ActiveCfg = Release|Any CPU
		{82348188-6DDB-4AB7-8DE5-E7D5A33975E1}.Ad-Hoc|x86.ActiveCfg = Release|x86
		{82348188-6DDB-4AB7-8DE5-E7D5A33975E1}.Ad-Hoc|x86.Build.0 = Release|x86
		{82348188-6DDB-4AB7-8DE5-E7D5A33975E1}.AppStore|Any CPU.ActiveCfg = Release|Any CPU
		{82348188-6DDB-4AB7-8DE5-E7D5A33975E1}.AppStore|Any CPU.Build.0 = Release|Any CPU
		{82348188-6DDB-4AB7-8DE5-E7D5A33975E1}.AppStore|ARM.ActiveCfg = Release|ARM
		{82348188-6DDB-4AB7-8DE5-E7D5A33975E1}.AppStore|ARM.Build.0 = Release|ARM
		{82348188-6DDB-4AB7-8DE5-E7D5A33975E1}.AppStore|iPhone.ActiveCfg = Release|Any CPU
		{82348188-6DDB-4AB7-8DE5-E7D5A33975E1}.AppStore|iPhoneSimulator.ActiveCfg = Release|Any CPU
		{82348188-6DDB-4AB7-8DE5-E7D5A33975E1}.AppStore|x64.ActiveCfg = Release|Any CPU
		{82348188-6DDB-4AB7-8DE5-E7D5A33975E1}.AppStore|x86.ActiveCfg = Release|x86
		{82348188-6DDB-4AB7-8DE5-E7D5A33975E1}.AppStore|x86.Build.0 = Release|x86
		{82348188-6DDB-4AB7-8DE5-E7D5A33975E1}.Debug|Any CPU.ActiveCfg = Debug|Any CPU
		{82348188-6DDB-4AB7-8DE5-E7D5A33975E1}.Debug|Any CPU.Build.0 = Debug|Any CPU
		{82348188-6DDB-4AB7-8DE5-E7D5A33975E1}.Debug|ARM.ActiveCfg = Debug|ARM
		{82348188-6DDB-4AB7-8DE5-E7D5A33975E1}.Debug|ARM.Build.0 = Debug|ARM
		{82348188-6DDB-4AB7-8DE5-E7D5A33975E1}.Debug|iPhone.ActiveCfg = Debug|Any CPU
		{82348188-6DDB-4AB7-8DE5-E7D5A33975E1}.Debug|iPhoneSimulator.ActiveCfg = Debug|Any CPU
		{82348188-6DDB-4AB7-8DE5-E7D5A33975E1}.Debug|x64.ActiveCfg = Debug|Any CPU
		{82348188-6DDB-4AB7-8DE5-E7D5A33975E1}.Debug|x86.ActiveCfg = Debug|x86
		{82348188-6DDB-4AB7-8DE5-E7D5A33975E1}.Debug|x86.Build.0 = Debug|x86
		{82348188-6DDB-4AB7-8DE5-E7D5A33975E1}.Release|Any CPU.ActiveCfg = Release|Any CPU
		{82348188-6DDB-4AB7-8DE5-E7D5A33975E1}.Release|Any CPU.Build.0 = Release|Any CPU
		{82348188-6DDB-4AB7-8DE5-E7D5A33975E1}.Release|ARM.ActiveCfg = Release|ARM
		{82348188-6DDB-4AB7-8DE5-E7D5A33975E1}.Release|ARM.Build.0 = Release|ARM
		{82348188-6DDB-4AB7-8DE5-E7D5A33975E1}.Release|iPhone.ActiveCfg = Release|Any CPU
		{82348188-6DDB-4AB7-8DE5-E7D5A33975E1}.Release|iPhoneSimulator.ActiveCfg = Release|Any CPU
		{82348188-6DDB-4AB7-8DE5-E7D5A33975E1}.Release|x64.ActiveCfg = Release|Any CPU
		{82348188-6DDB-4AB7-8DE5-E7D5A33975E1}.Release|x86.ActiveCfg = Release|x86
		{82348188-6DDB-4AB7-8DE5-E7D5A33975E1}.Release|x86.Build.0 = Release|x86
	EndGlobalSection
	GlobalSection(SolutionProperties) = preSolution
		HideSolutionNode = FALSE
	EndGlobalSection
EndGlobal
