
Microsoft Visual Studio Solution File, Format Version 12.00
# Visual Studio 15
VisualStudioVersion = 15.0.27004.2002
MinimumVisualStudioVersion = 10.0.40219.1
Project("{2150E333-8FDC-42A3-9474-1A3956D46DE8}") = "Solution Items", "Solution Items", "{B724C98A-C1C9-4C1F-AC39-5C2D7E552228}"
	ProjectSection(SolutionItems) = preProject
		NGraphics.nuspec = NGraphics.nuspec
	EndProjectSection
EndProject
Project("{9A19103F-16F7-4668-BE54-9A1E7A4F7556}") = "NGraphics.Core", "NGraphics.Core\NGraphics.Core.csproj", "{4D913D6A-2854-4E8F-A471-BFA626B45226}"
EndProject
Project("{9A19103F-16F7-4668-BE54-9A1E7A4F7556}") = "NGraphics.Mac", "Platforms\NGraphics.Mac\NGraphics.Mac.csproj", "{713C565E-08A3-48B2-9CF9-42979A63AD82}"
EndProject
Project("{9A19103F-16F7-4668-BE54-9A1E7A4F7556}") = "NGraphics.Net", "Platforms\NGraphics.Net\NGraphics.Net.csproj", "{579AF04A-AF9C-445E-8937-DD09C92DC037}"
EndProject
Project("{9A19103F-16F7-4668-BE54-9A1E7A4F7556}") = "NGraphics.WPF", "Platforms\NGraphics.WPF\NGraphics.WPF.csproj", "{6930F66F-8227-4CAC-9964-134143FCD703}"
EndProject
Global
	GlobalSection(SolutionConfigurationPlatforms) = preSolution
		Ad-Hoc|Any CPU = Ad-Hoc|Any CPU
		Ad-Hoc|iPhone = Ad-Hoc|iPhone
		Ad-Hoc|iPhoneSimulator = Ad-Hoc|iPhoneSimulator
		AppStore|Any CPU = AppStore|Any CPU
		AppStore|iPhone = AppStore|iPhone
		AppStore|iPhoneSimulator = AppStore|iPhoneSimulator
		Debug|Any CPU = Debug|Any CPU
		Debug|iPhone = Debug|iPhone
		Debug|iPhoneSimulator = Debug|iPhoneSimulator
		Release|Any CPU = Release|Any CPU
		Release|iPhone = Release|iPhone
		Release|iPhoneSimulator = Release|iPhoneSimulator
	EndGlobalSection
	GlobalSection(ProjectConfigurationPlatforms) = postSolution
		{4D913D6A-2854-4E8F-A471-BFA626B45226}.Ad-Hoc|Any CPU.ActiveCfg = Debug|Any CPU
		{4D913D6A-2854-4E8F-A471-BFA626B45226}.Ad-Hoc|Any CPU.Build.0 = Debug|Any CPU
		{4D913D6A-2854-4E8F-A471-BFA626B45226}.Ad-Hoc|iPhone.ActiveCfg = Debug|Any CPU
		{4D913D6A-2854-4E8F-A471-BFA626B45226}.Ad-Hoc|iPhone.Build.0 = Debug|Any CPU
		{4D913D6A-2854-4E8F-A471-BFA626B45226}.Ad-Hoc|iPhoneSimulator.ActiveCfg = Debug|Any CPU
		{4D913D6A-2854-4E8F-A471-BFA626B45226}.Ad-Hoc|iPhoneSimulator.Build.0 = Debug|Any CPU
		{4D913D6A-2854-4E8F-A471-BFA626B45226}.AppStore|Any CPU.ActiveCfg = Debug|Any CPU
		{4D913D6A-2854-4E8F-A471-BFA626B45226}.AppStore|Any CPU.Build.0 = Debug|Any CPU
		{4D913D6A-2854-4E8F-A471-BFA626B45226}.AppStore|iPhone.ActiveCfg = Debug|Any CPU
		{4D913D6A-2854-4E8F-A471-BFA626B45226}.AppStore|iPhone.Build.0 = Debug|Any CPU
		{4D913D6A-2854-4E8F-A471-BFA626B45226}.AppStore|iPhoneSimulator.ActiveCfg = Debug|Any CPU
		{4D913D6A-2854-4E8F-A471-BFA626B45226}.AppStore|iPhoneSimulator.Build.0 = Debug|Any CPU
		{4D913D6A-2854-4E8F-A471-BFA626B45226}.Debug|Any CPU.ActiveCfg = Debug|Any CPU
		{4D913D6A-2854-4E8F-A471-BFA626B45226}.Debug|Any CPU.Build.0 = Debug|Any CPU
		{4D913D6A-2854-4E8F-A471-BFA626B45226}.Debug|iPhone.ActiveCfg = Debug|Any CPU
		{4D913D6A-2854-4E8F-A471-BFA626B45226}.Debug|iPhone.Build.0 = Debug|Any CPU
		{4D913D6A-2854-4E8F-A471-BFA626B45226}.Debug|iPhoneSimulator.ActiveCfg = Debug|Any CPU
		{4D913D6A-2854-4E8F-A471-BFA626B45226}.Debug|iPhoneSimulator.Build.0 = Debug|Any CPU
		{4D913D6A-2854-4E8F-A471-BFA626B45226}.Release|Any CPU.ActiveCfg = Release|Any CPU
		{4D913D6A-2854-4E8F-A471-BFA626B45226}.Release|Any CPU.Build.0 = Release|Any CPU
		{4D913D6A-2854-4E8F-A471-BFA626B45226}.Release|iPhone.ActiveCfg = Release|Any CPU
		{4D913D6A-2854-4E8F-A471-BFA626B45226}.Release|iPhone.Build.0 = Release|Any CPU
		{4D913D6A-2854-4E8F-A471-BFA626B45226}.Release|iPhoneSimulator.ActiveCfg = Release|Any CPU
		{4D913D6A-2854-4E8F-A471-BFA626B45226}.Release|iPhoneSimulator.Build.0 = Release|Any CPU
		{713C565E-08A3-48B2-9CF9-42979A63AD82}.Ad-Hoc|Any CPU.ActiveCfg = Release|Any CPU
		{713C565E-08A3-48B2-9CF9-42979A63AD82}.Ad-Hoc|Any CPU.Build.0 = Release|Any CPU
		{713C565E-08A3-48B2-9CF9-42979A63AD82}.Ad-Hoc|iPhone.ActiveCfg = Release|Any CPU
		{713C565E-08A3-48B2-9CF9-42979A63AD82}.Ad-Hoc|iPhone.Build.0 = Release|Any CPU
		{713C565E-08A3-48B2-9CF9-42979A63AD82}.Ad-Hoc|iPhoneSimulator.ActiveCfg = Release|Any CPU
		{713C565E-08A3-48B2-9CF9-42979A63AD82}.Ad-Hoc|iPhoneSimulator.Build.0 = Release|Any CPU
		{713C565E-08A3-48B2-9CF9-42979A63AD82}.AppStore|Any CPU.ActiveCfg = Release|Any CPU
		{713C565E-08A3-48B2-9CF9-42979A63AD82}.AppStore|Any CPU.Build.0 = Release|Any CPU
		{713C565E-08A3-48B2-9CF9-42979A63AD82}.AppStore|iPhone.ActiveCfg = Release|Any CPU
		{713C565E-08A3-48B2-9CF9-42979A63AD82}.AppStore|iPhone.Build.0 = Release|Any CPU
		{713C565E-08A3-48B2-9CF9-42979A63AD82}.AppStore|iPhoneSimulator.ActiveCfg = Release|Any CPU
		{713C565E-08A3-48B2-9CF9-42979A63AD82}.AppStore|iPhoneSimulator.Build.0 = Release|Any CPU
		{713C565E-08A3-48B2-9CF9-42979A63AD82}.Debug|Any CPU.ActiveCfg = Debug|Any CPU
		{713C565E-08A3-48B2-9CF9-42979A63AD82}.Debug|Any CPU.Build.0 = Debug|Any CPU
		{713C565E-08A3-48B2-9CF9-42979A63AD82}.Debug|iPhone.ActiveCfg = Debug|Any CPU
		{713C565E-08A3-48B2-9CF9-42979A63AD82}.Debug|iPhone.Build.0 = Debug|Any CPU
		{713C565E-08A3-48B2-9CF9-42979A63AD82}.Debug|iPhoneSimulator.ActiveCfg = Debug|Any CPU
		{713C565E-08A3-48B2-9CF9-42979A63AD82}.Debug|iPhoneSimulator.Build.0 = Debug|Any CPU
		{713C565E-08A3-48B2-9CF9-42979A63AD82}.Release|Any CPU.ActiveCfg = Release|Any CPU
		{713C565E-08A3-48B2-9CF9-42979A63AD82}.Release|Any CPU.Build.0 = Release|Any CPU
		{713C565E-08A3-48B2-9CF9-42979A63AD82}.Release|iPhone.ActiveCfg = Release|Any CPU
		{713C565E-08A3-48B2-9CF9-42979A63AD82}.Release|iPhone.Build.0 = Release|Any CPU
		{713C565E-08A3-48B2-9CF9-42979A63AD82}.Release|iPhoneSimulator.ActiveCfg = Release|Any CPU
		{713C565E-08A3-48B2-9CF9-42979A63AD82}.Release|iPhoneSimulator.Build.0 = Release|Any CPU
		{579AF04A-AF9C-445E-8937-DD09C92DC037}.Ad-Hoc|Any CPU.ActiveCfg = Release|Any CPU
		{579AF04A-AF9C-445E-8937-DD09C92DC037}.Ad-Hoc|Any CPU.Build.0 = Release|Any CPU
		{579AF04A-AF9C-445E-8937-DD09C92DC037}.Ad-Hoc|iPhone.ActiveCfg = Release|Any CPU
		{579AF04A-AF9C-445E-8937-DD09C92DC037}.Ad-Hoc|iPhone.Build.0 = Release|Any CPU
		{579AF04A-AF9C-445E-8937-DD09C92DC037}.Ad-Hoc|iPhoneSimulator.ActiveCfg = Release|Any CPU
		{579AF04A-AF9C-445E-8937-DD09C92DC037}.Ad-Hoc|iPhoneSimulator.Build.0 = Release|Any CPU
		{579AF04A-AF9C-445E-8937-DD09C92DC037}.AppStore|Any CPU.ActiveCfg = Release|Any CPU
		{579AF04A-AF9C-445E-8937-DD09C92DC037}.AppStore|Any CPU.Build.0 = Release|Any CPU
		{579AF04A-AF9C-445E-8937-DD09C92DC037}.AppStore|iPhone.ActiveCfg = Release|Any CPU
		{579AF04A-AF9C-445E-8937-DD09C92DC037}.AppStore|iPhone.Build.0 = Release|Any CPU
		{579AF04A-AF9C-445E-8937-DD09C92DC037}.AppStore|iPhoneSimulator.ActiveCfg = Release|Any CPU
		{579AF04A-AF9C-445E-8937-DD09C92DC037}.AppStore|iPhoneSimulator.Build.0 = Release|Any CPU
		{579AF04A-AF9C-445E-8937-DD09C92DC037}.Debug|Any CPU.ActiveCfg = Debug|Any CPU
		{579AF04A-AF9C-445E-8937-DD09C92DC037}.Debug|Any CPU.Build.0 = Debug|Any CPU
		{579AF04A-AF9C-445E-8937-DD09C92DC037}.Debug|iPhone.ActiveCfg = Debug|Any CPU
		{579AF04A-AF9C-445E-8937-DD09C92DC037}.Debug|iPhone.Build.0 = Debug|Any CPU
		{579AF04A-AF9C-445E-8937-DD09C92DC037}.Debug|iPhoneSimulator.ActiveCfg = Debug|Any CPU
		{579AF04A-AF9C-445E-8937-DD09C92DC037}.Debug|iPhoneSimulator.Build.0 = Debug|Any CPU
		{579AF04A-AF9C-445E-8937-DD09C92DC037}.Release|Any CPU.ActiveCfg = Release|Any CPU
		{579AF04A-AF9C-445E-8937-DD09C92DC037}.Release|Any CPU.Build.0 = Release|Any CPU
		{579AF04A-AF9C-445E-8937-DD09C92DC037}.Release|iPhone.ActiveCfg = Release|Any CPU
		{579AF04A-AF9C-445E-8937-DD09C92DC037}.Release|iPhone.Build.0 = Release|Any CPU
		{579AF04A-AF9C-445E-8937-DD09C92DC037}.Release|iPhoneSimulator.ActiveCfg = Release|Any CPU
		{579AF04A-AF9C-445E-8937-DD09C92DC037}.Release|iPhoneSimulator.Build.0 = Release|Any CPU
		{6930F66F-8227-4CAC-9964-134143FCD703}.Ad-Hoc|Any CPU.ActiveCfg = Debug|Any CPU
		{6930F66F-8227-4CAC-9964-134143FCD703}.Ad-Hoc|Any CPU.Build.0 = Debug|Any CPU
		{6930F66F-8227-4CAC-9964-134143FCD703}.Ad-Hoc|iPhone.ActiveCfg = Debug|Any CPU
		{6930F66F-8227-4CAC-9964-134143FCD703}.Ad-Hoc|iPhone.Build.0 = Debug|Any CPU
		{6930F66F-8227-4CAC-9964-134143FCD703}.Ad-Hoc|iPhoneSimulator.ActiveCfg = Debug|Any CPU
		{6930F66F-8227-4CAC-9964-134143FCD703}.Ad-Hoc|iPhoneSimulator.Build.0 = Debug|Any CPU
		{6930F66F-8227-4CAC-9964-134143FCD703}.AppStore|Any CPU.ActiveCfg = Debug|Any CPU
		{6930F66F-8227-4CAC-9964-134143FCD703}.AppStore|Any CPU.Build.0 = Debug|Any CPU
		{6930F66F-8227-4CAC-9964-134143FCD703}.AppStore|iPhone.ActiveCfg = Debug|Any CPU
		{6930F66F-8227-4CAC-9964-134143FCD703}.AppStore|iPhone.Build.0 = Debug|Any CPU
		{6930F66F-8227-4CAC-9964-134143FCD703}.AppStore|iPhoneSimulator.ActiveCfg = Debug|Any CPU
		{6930F66F-8227-4CAC-9964-134143FCD703}.AppStore|iPhoneSimulator.Build.0 = Debug|Any CPU
		{6930F66F-8227-4CAC-9964-134143FCD703}.Debug|Any CPU.ActiveCfg = Debug|Any CPU
		{6930F66F-8227-4CAC-9964-134143FCD703}.Debug|Any CPU.Build.0 = Debug|Any CPU
		{6930F66F-8227-4CAC-9964-134143FCD703}.Debug|iPhone.ActiveCfg = Debug|Any CPU
		{6930F66F-8227-4CAC-9964-134143FCD703}.Debug|iPhone.Build.0 = Debug|Any CPU
		{6930F66F-8227-4CAC-9964-134143FCD703}.Debug|iPhoneSimulator.ActiveCfg = Debug|Any CPU
		{6930F66F-8227-4CAC-9964-134143FCD703}.Debug|iPhoneSimulator.Build.0 = Debug|Any CPU
		{6930F66F-8227-4CAC-9964-134143FCD703}.Release|Any CPU.ActiveCfg = Release|Any CPU
		{6930F66F-8227-4CAC-9964-134143FCD703}.Release|Any CPU.Build.0 = Release|Any CPU
		{6930F66F-8227-4CAC-9964-134143FCD703}.Release|iPhone.ActiveCfg = Release|Any CPU
		{6930F66F-8227-4CAC-9964-134143FCD703}.Release|iPhone.Build.0 = Release|Any CPU
		{6930F66F-8227-4CAC-9964-134143FCD703}.Release|iPhoneSimulator.ActiveCfg = Release|Any CPU
		{6930F66F-8227-4CAC-9964-134143FCD703}.Release|iPhoneSimulator.Build.0 = Release|Any CPU
	EndGlobalSection
	GlobalSection(SolutionProperties) = preSolution
		HideSolutionNode = FALSE
	EndGlobalSection
	GlobalSection(ExtensibilityGlobals) = postSolution
		SolutionGuid = {163E8B03-25FA-490A-A3AA-46A46FEE0298}
	EndGlobalSection
	GlobalSection(MonoDevelopProperties) = preSolution
		Policies = $0
		$0.TextStylePolicy = $1
		$1.FileWidth = 128
		$1.NoTabsAfterNonTabs = True
		$1.scope = text/x-csharp
		$0.CSharpFormattingPolicy = $2
		$2.SpacingAfterMethodDeclarationName = True
		$2.SpaceAfterMethodCallName = True
		$2.scope = text/x-csharp
		$2.NewLinesForBracesInProperties = False
		$2.NewLinesForBracesInAccessors = False
		$2.NewLinesForBracesInAnonymousMethods = False
		$2.NewLinesForBracesInControlBlocks = False
		$2.NewLinesForBracesInAnonymousTypes = False
		$2.NewLinesForBracesInObjectCollectionArrayInitializers = False
		$2.NewLinesForBracesInLambdaExpressionBody = False
	EndGlobalSection
EndGlobal
