
Microsoft Visual Studio Solution File, Format Version 12.00
# Visual Studio 15
VisualStudioVersion = 15.0.27004.2002
MinimumVisualStudioVersion = 10.0.40219.1
Project("{2150E333-8FDC-42A3-9474-1A3956D46DE8}") = "Solution Items", "Solution Items", "{B724C98A-C1C9-4C1F-AC39-5C2D7E552228}"
EndProject
Project("{9A19103F-16F7-4668-BE54-9A1E7A4F7556}") = "NGraphics.Mac", "Platforms\NGraphics.Mac\NGraphics.Mac.csproj", "{713C565E-08A3-48B2-9CF9-42979A63AD82}"
EndProject
Project("{9A19103F-16F7-4668-BE54-9A1E7A4F7556}") = "NGraphics.Net", "Platforms\NGraphics.Net\NGraphics.Net.csproj", "{579AF04A-AF9C-445E-8937-DD09C92DC037}"
EndProject
Project("{9A19103F-16F7-4668-BE54-9A1E7A4F7556}") = "NGraphics.WPF", "Platforms\NGraphics.WPF\NGraphics.WPF.csproj", "{6930F66F-8227-4CAC-9964-134143FCD703}"
EndProject
Project("{9A19103F-16F7-4668-BE54-9A1E7A4F7556}") = "NGraphics.Test", "NGraphics.Test\NGraphics.Test.csproj", "{9C8889FE-1CC5-4132-8182-2F9801410BD7}"
EndProject
Project("{2150E333-8FDC-42A3-9474-1A3956D46DE8}") = "Platforms", "Platforms", "{BC63476D-91C8-4E8A-B7CB-E0275C26241D}"
EndProject
Project("{2150E333-8FDC-42A3-9474-1A3956D46DE8}") = "Tests", "Tests", "{D19EF18C-C513-41C3-B116-F989ABD96E6A}"
EndProject
Project("{9A19103F-16F7-4668-BE54-9A1E7A4F7556}") = "NGraphics.Net.Test", "Platforms\NGraphics.Net.Test\NGraphics.Net.Test.csproj", "{B220B36D-BF29-4DCE-A43C-4E0B950498A5}"
EndProject
Project("{9A19103F-16F7-4668-BE54-9A1E7A4F7556}") = "NGraphics", "NGraphics\NGraphics.csproj", "{6D9590B6-B1DF-46F1-B4CB-22F018ABACBB}"
EndProject
Project("{9A19103F-16F7-4668-BE54-9A1E7A4F7556}") = "NGraphics.UWP", "Platforms\NGraphics.UWP\NGraphics.UWP.csproj", "{B4667626-F594-47F8-8439-7DCC66131D61}"
EndProject
Global
	GlobalSection(SolutionConfigurationPlatforms) = preSolution
		Ad-Hoc|Any CPU = Ad-Hoc|Any CPU
		Ad-Hoc|iPhone = Ad-Hoc|iPhone
		Ad-Hoc|iPhoneSimulator = Ad-Hoc|iPhoneSimulator
		AppStore|Any CPU = AppStore|Any CPU
		AppStore|iPhone = AppStore|iPhone
		AppStore|iPhoneSimulator = AppStore|iPhoneSimulator
		Debug|Any CPU = Debug|Any CPU
		Debug|iPhone = Debug|iPhone
		Debug|iPhoneSimulator = Debug|iPhoneSimulator
		Release|Any CPU = Release|Any CPU
		Release|iPhone = Release|iPhone
		Release|iPhoneSimulator = Release|iPhoneSimulator
	EndGlobalSection
	GlobalSection(ProjectConfigurationPlatforms) = postSolution
		{713C565E-08A3-48B2-9CF9-42979A63AD82}.Ad-Hoc|Any CPU.ActiveCfg = Release|Any CPU
		{713C565E-08A3-48B2-9CF9-42979A63AD82}.Ad-Hoc|Any CPU.Build.0 = Release|Any CPU
		{713C565E-08A3-48B2-9CF9-42979A63AD82}.Ad-Hoc|iPhone.ActiveCfg = Release|Any CPU
		{713C565E-08A3-48B2-9CF9-42979A63AD82}.Ad-Hoc|iPhone.Build.0 = Release|Any CPU
		{713C565E-08A3-48B2-9CF9-42979A63AD82}.Ad-Hoc|iPhoneSimulator.ActiveCfg = Release|Any CPU
		{713C565E-08A3-48B2-9CF9-42979A63AD82}.Ad-Hoc|iPhoneSimulator.Build.0 = Release|Any CPU
		{713C565E-08A3-48B2-9CF9-42979A63AD82}.AppStore|Any CPU.ActiveCfg = Release|Any CPU
		{713C565E-08A3-48B2-9CF9-42979A63AD82}.AppStore|Any CPU.Build.0 = Release|Any CPU
		{713C565E-08A3-48B2-9CF9-42979A63AD82}.AppStore|iPhone.ActiveCfg = Release|Any CPU
		{713C565E-08A3-48B2-9CF9-42979A63AD82}.AppStore|iPhone.Build.0 = Release|Any CPU
		{713C565E-08A3-48B2-9CF9-42979A63AD82}.AppStore|iPhoneSimulator.ActiveCfg = Release|Any CPU
		{713C565E-08A3-48B2-9CF9-42979A63AD82}.AppStore|iPhoneSimulator.Build.0 = Release|Any CPU
		{713C565E-08A3-48B2-9CF9-42979A63AD82}.Debug|Any CPU.ActiveCfg = Debug|Any CPU
		{713C565E-08A3-48B2-9CF9-42979A63AD82}.Debug|Any CPU.Build.0 = Debug|Any CPU
		{713C565E-08A3-48B2-9CF9-42979A63AD82}.Debug|iPhone.ActiveCfg = Debug|Any CPU
		{713C565E-08A3-48B2-9CF9-42979A63AD82}.Debug|iPhone.Build.0 = Debug|Any CPU
		{713C565E-08A3-48B2-9CF9-42979A63AD82}.Debug|iPhoneSimulator.ActiveCfg = Debug|Any CPU
		{713C565E-08A3-48B2-9CF9-42979A63AD82}.Debug|iPhoneSimulator.Build.0 = Debug|Any CPU
		{713C565E-08A3-48B2-9CF9-42979A63AD82}.Release|Any CPU.ActiveCfg = Release|Any CPU
		{713C565E-08A3-48B2-9CF9-42979A63AD82}.Release|Any CPU.Build.0 = Release|Any CPU
		{713C565E-08A3-48B2-9CF9-42979A63AD82}.Release|iPhone.ActiveCfg = Release|Any CPU
		{713C565E-08A3-48B2-9CF9-42979A63AD82}.Release|iPhone.Build.0 = Release|Any CPU
		{713C565E-08A3-48B2-9CF9-42979A63AD82}.Release|iPhoneSimulator.ActiveCfg = Release|Any CPU
		{713C565E-08A3-48B2-9CF9-42979A63AD82}.Release|iPhoneSimulator.Build.0 = Release|Any CPU
		{579AF04A-AF9C-445E-8937-DD09C92DC037}.Ad-Hoc|Any CPU.ActiveCfg = Release|Any CPU
		{579AF04A-AF9C-445E-8937-DD09C92DC037}.Ad-Hoc|Any CPU.Build.0 = Release|Any CPU
		{579AF04A-AF9C-445E-8937-DD09C92DC037}.Ad-Hoc|iPhone.ActiveCfg = Release|Any CPU
		{579AF04A-AF9C-445E-8937-DD09C92DC037}.Ad-Hoc|iPhone.Build.0 = Release|Any CPU
		{579AF04A-AF9C-445E-8937-DD09C92DC037}.Ad-Hoc|iPhoneSimulator.ActiveCfg = Release|Any CPU
		{579AF04A-AF9C-445E-8937-DD09C92DC037}.Ad-Hoc|iPhoneSimulator.Build.0 = Release|Any CPU
		{579AF04A-AF9C-445E-8937-DD09C92DC037}.AppStore|Any CPU.ActiveCfg = Release|Any CPU
		{579AF04A-AF9C-445E-8937-DD09C92DC037}.AppStore|Any CPU.Build.0 = Release|Any CPU
		{579AF04A-AF9C-445E-8937-DD09C92DC037}.AppStore|iPhone.ActiveCfg = Release|Any CPU
		{579AF04A-AF9C-445E-8937-DD09C92DC037}.AppStore|iPhone.Build.0 = Release|Any CPU
		{579AF04A-AF9C-445E-8937-DD09C92DC037}.AppStore|iPhoneSimulator.ActiveCfg = Release|Any CPU
		{579AF04A-AF9C-445E-8937-DD09C92DC037}.AppStore|iPhoneSimulator.Build.0 = Release|Any CPU
		{579AF04A-AF9C-445E-8937-DD09C92DC037}.Debug|Any CPU.ActiveCfg = Debug|Any CPU
		{579AF04A-AF9C-445E-8937-DD09C92DC037}.Debug|Any CPU.Build.0 = Debug|Any CPU
		{579AF04A-AF9C-445E-8937-DD09C92DC037}.Debug|iPhone.ActiveCfg = Debug|Any CPU
		{579AF04A-AF9C-445E-8937-DD09C92DC037}.Debug|iPhone.Build.0 = Debug|Any CPU
		{579AF04A-AF9C-445E-8937-DD09C92DC037}.Debug|iPhoneSimulator.ActiveCfg = Debug|Any CPU
		{579AF04A-AF9C-445E-8937-DD09C92DC037}.Debug|iPhoneSimulator.Build.0 = Debug|Any CPU
		{579AF04A-AF9C-445E-8937-DD09C92DC037}.Release|Any CPU.ActiveCfg = Release|Any CPU
		{579AF04A-AF9C-445E-8937-DD09C92DC037}.Release|Any CPU.Build.0 = Release|Any CPU
		{579AF04A-AF9C-445E-8937-DD09C92DC037}.Release|iPhone.ActiveCfg = Release|Any CPU
		{579AF04A-AF9C-445E-8937-DD09C92DC037}.Release|iPhone.Build.0 = Release|Any CPU
		{579AF04A-AF9C-445E-8937-DD09C92DC037}.Release|iPhoneSimulator.ActiveCfg = Release|Any CPU
		{579AF04A-AF9C-445E-8937-DD09C92DC037}.Release|iPhoneSimulator.Build.0 = Release|Any CPU
		{6930F66F-8227-4CAC-9964-134143FCD703}.Ad-Hoc|Any CPU.ActiveCfg = Debug|Any CPU
		{6930F66F-8227-4CAC-9964-134143FCD703}.Ad-Hoc|Any CPU.Build.0 = Debug|Any CPU
		{6930F66F-8227-4CAC-9964-134143FCD703}.Ad-Hoc|iPhone.ActiveCfg = Debug|Any CPU
		{6930F66F-8227-4CAC-9964-134143FCD703}.Ad-Hoc|iPhone.Build.0 = Debug|Any CPU
		{6930F66F-8227-4CAC-9964-134143FCD703}.Ad-Hoc|iPhoneSimulator.ActiveCfg = Debug|Any CPU
		{6930F66F-8227-4CAC-9964-134143FCD703}.Ad-Hoc|iPhoneSimulator.Build.0 = Debug|Any CPU
		{6930F66F-8227-4CAC-9964-134143FCD703}.AppStore|Any CPU.ActiveCfg = Debug|Any CPU
		{6930F66F-8227-4CAC-9964-134143FCD703}.AppStore|Any CPU.Build.0 = Debug|Any CPU
		{6930F66F-8227-4CAC-9964-134143FCD703}.AppStore|iPhone.ActiveCfg = Debug|Any CPU
		{6930F66F-8227-4CAC-9964-134143FCD703}.AppStore|iPhone.Build.0 = Debug|Any CPU
		{6930F66F-8227-4CAC-9964-134143FCD703}.AppStore|iPhoneSimulator.ActiveCfg = Debug|Any CPU
		{6930F66F-8227-4CAC-9964-134143FCD703}.AppStore|iPhoneSimulator.Build.0 = Debug|Any CPU
		{6930F66F-8227-4CAC-9964-134143FCD703}.Debug|Any CPU.ActiveCfg = Debug|Any CPU
		{6930F66F-8227-4CAC-9964-134143FCD703}.Debug|Any CPU.Build.0 = Debug|Any CPU
		{6930F66F-8227-4CAC-9964-134143FCD703}.Debug|iPhone.ActiveCfg = Debug|Any CPU
		{6930F66F-8227-4CAC-9964-134143FCD703}.Debug|iPhone.Build.0 = Debug|Any CPU
		{6930F66F-8227-4CAC-9964-134143FCD703}.Debug|iPhoneSimulator.ActiveCfg = Debug|Any CPU
		{6930F66F-8227-4CAC-9964-134143FCD703}.Debug|iPhoneSimulator.Build.0 = Debug|Any CPU
		{6930F66F-8227-4CAC-9964-134143FCD703}.Release|Any CPU.ActiveCfg = Release|Any CPU
		{6930F66F-8227-4CAC-9964-134143FCD703}.Release|Any CPU.Build.0 = Release|Any CPU
		{6930F66F-8227-4CAC-9964-134143FCD703}.Release|iPhone.ActiveCfg = Release|Any CPU
		{6930F66F-8227-4CAC-9964-134143FCD703}.Release|iPhone.Build.0 = Release|Any CPU
		{6930F66F-8227-4CAC-9964-134143FCD703}.Release|iPhoneSimulator.ActiveCfg = Release|Any CPU
		{6930F66F-8227-4CAC-9964-134143FCD703}.Release|iPhoneSimulator.Build.0 = Release|Any CPU
		{9C8889FE-1CC5-4132-8182-2F9801410BD7}.Ad-Hoc|Any CPU.ActiveCfg = Debug|Any CPU
		{9C8889FE-1CC5-4132-8182-2F9801410BD7}.Ad-Hoc|Any CPU.Build.0 = Debug|Any CPU
		{9C8889FE-1CC5-4132-8182-2F9801410BD7}.Ad-Hoc|iPhone.ActiveCfg = Debug|Any CPU
		{9C8889FE-1CC5-4132-8182-2F9801410BD7}.Ad-Hoc|iPhone.Build.0 = Debug|Any CPU
		{9C8889FE-1CC5-4132-8182-2F9801410BD7}.Ad-Hoc|iPhoneSimulator.ActiveCfg = Debug|Any CPU
		{9C8889FE-1CC5-4132-8182-2F9801410BD7}.Ad-Hoc|iPhoneSimulator.Build.0 = Debug|Any CPU
		{9C8889FE-1CC5-4132-8182-2F9801410BD7}.AppStore|Any CPU.ActiveCfg = Debug|Any CPU
		{9C8889FE-1CC5-4132-8182-2F9801410BD7}.AppStore|Any CPU.Build.0 = Debug|Any CPU
		{9C8889FE-1CC5-4132-8182-2F9801410BD7}.AppStore|iPhone.ActiveCfg = Debug|Any CPU
		{9C8889FE-1CC5-4132-8182-2F9801410BD7}.AppStore|iPhone.Build.0 = Debug|Any CPU
		{9C8889FE-1CC5-4132-8182-2F9801410BD7}.AppStore|iPhoneSimulator.ActiveCfg = Debug|Any CPU
		{9C8889FE-1CC5-4132-8182-2F9801410BD7}.AppStore|iPhoneSimulator.Build.0 = Debug|Any CPU
		{9C8889FE-1CC5-4132-8182-2F9801410BD7}.Debug|Any CPU.ActiveCfg = Debug|Any CPU
		{9C8889FE-1CC5-4132-8182-2F9801410BD7}.Debug|Any CPU.Build.0 = Debug|Any CPU
		{9C8889FE-1CC5-4132-8182-2F9801410BD7}.Debug|iPhone.ActiveCfg = Debug|Any CPU
		{9C8889FE-1CC5-4132-8182-2F9801410BD7}.Debug|iPhone.Build.0 = Debug|Any CPU
		{9C8889FE-1CC5-4132-8182-2F9801410BD7}.Debug|iPhoneSimulator.ActiveCfg = Debug|Any CPU
		{9C8889FE-1CC5-4132-8182-2F9801410BD7}.Debug|iPhoneSimulator.Build.0 = Debug|Any CPU
		{9C8889FE-1CC5-4132-8182-2F9801410BD7}.Release|Any CPU.ActiveCfg = Release|Any CPU
		{9C8889FE-1CC5-4132-8182-2F9801410BD7}.Release|Any CPU.Build.0 = Release|Any CPU
		{9C8889FE-1CC5-4132-8182-2F9801410BD7}.Release|iPhone.ActiveCfg = Release|Any CPU
		{9C8889FE-1CC5-4132-8182-2F9801410BD7}.Release|iPhone.Build.0 = Release|Any CPU
		{9C8889FE-1CC5-4132-8182-2F9801410BD7}.Release|iPhoneSimulator.ActiveCfg = Release|Any CPU
		{9C8889FE-1CC5-4132-8182-2F9801410BD7}.Release|iPhoneSimulator.Build.0 = Release|Any CPU
		{B220B36D-BF29-4DCE-A43C-4E0B950498A5}.Ad-Hoc|Any CPU.ActiveCfg = Debug|Any CPU
		{B220B36D-BF29-4DCE-A43C-4E0B950498A5}.Ad-Hoc|Any CPU.Build.0 = Debug|Any CPU
		{B220B36D-BF29-4DCE-A43C-4E0B950498A5}.Ad-Hoc|iPhone.ActiveCfg = Debug|Any CPU
		{B220B36D-BF29-4DCE-A43C-4E0B950498A5}.Ad-Hoc|iPhone.Build.0 = Debug|Any CPU
		{B220B36D-BF29-4DCE-A43C-4E0B950498A5}.Ad-Hoc|iPhoneSimulator.ActiveCfg = Debug|Any CPU
		{B220B36D-BF29-4DCE-A43C-4E0B950498A5}.Ad-Hoc|iPhoneSimulator.Build.0 = Debug|Any CPU
		{B220B36D-BF29-4DCE-A43C-4E0B950498A5}.AppStore|Any CPU.ActiveCfg = Debug|Any CPU
		{B220B36D-BF29-4DCE-A43C-4E0B950498A5}.AppStore|Any CPU.Build.0 = Debug|Any CPU
		{B220B36D-BF29-4DCE-A43C-4E0B950498A5}.AppStore|iPhone.ActiveCfg = Debug|Any CPU
		{B220B36D-BF29-4DCE-A43C-4E0B950498A5}.AppStore|iPhone.Build.0 = Debug|Any CPU
		{B220B36D-BF29-4DCE-A43C-4E0B950498A5}.AppStore|iPhoneSimulator.ActiveCfg = Debug|Any CPU
		{B220B36D-BF29-4DCE-A43C-4E0B950498A5}.AppStore|iPhoneSimulator.Build.0 = Debug|Any CPU
		{B220B36D-BF29-4DCE-A43C-4E0B950498A5}.Debug|Any CPU.ActiveCfg = Debug|Any CPU
		{B220B36D-BF29-4DCE-A43C-4E0B950498A5}.Debug|Any CPU.Build.0 = Debug|Any CPU
		{B220B36D-BF29-4DCE-A43C-4E0B950498A5}.Debug|iPhone.ActiveCfg = Debug|Any CPU
		{B220B36D-BF29-4DCE-A43C-4E0B950498A5}.Debug|iPhone.Build.0 = Debug|Any CPU
		{B220B36D-BF29-4DCE-A43C-4E0B950498A5}.Debug|iPhoneSimulator.ActiveCfg = Debug|Any CPU
		{B220B36D-BF29-4DCE-A43C-4E0B950498A5}.Debug|iPhoneSimulator.Build.0 = Debug|Any CPU
		{B220B36D-BF29-4DCE-A43C-4E0B950498A5}.Release|Any CPU.ActiveCfg = Release|Any CPU
		{B220B36D-BF29-4DCE-A43C-4E0B950498A5}.Release|Any CPU.Build.0 = Release|Any CPU
		{B220B36D-BF29-4DCE-A43C-4E0B950498A5}.Release|iPhone.ActiveCfg = Release|Any CPU
		{B220B36D-BF29-4DCE-A43C-4E0B950498A5}.Release|iPhone.Build.0 = Release|Any CPU
		{B220B36D-BF29-4DCE-A43C-4E0B950498A5}.Release|iPhoneSimulator.ActiveCfg = Release|Any CPU
		{B220B36D-BF29-4DCE-A43C-4E0B950498A5}.Release|iPhoneSimulator.Build.0 = Release|Any CPU
		{6D9590B6-B1DF-46F1-B4CB-22F018ABACBB}.Ad-Hoc|Any CPU.ActiveCfg = Debug|Any CPU
		{6D9590B6-B1DF-46F1-B4CB-22F018ABACBB}.Ad-Hoc|Any CPU.Build.0 = Debug|Any CPU
		{6D9590B6-B1DF-46F1-B4CB-22F018ABACBB}.Ad-Hoc|iPhone.ActiveCfg = Debug|Any CPU
		{6D9590B6-B1DF-46F1-B4CB-22F018ABACBB}.Ad-Hoc|iPhone.Build.0 = Debug|Any CPU
		{6D9590B6-B1DF-46F1-B4CB-22F018ABACBB}.Ad-Hoc|iPhoneSimulator.ActiveCfg = Debug|Any CPU
		{6D9590B6-B1DF-46F1-B4CB-22F018ABACBB}.Ad-Hoc|iPhoneSimulator.Build.0 = Debug|Any CPU
		{6D9590B6-B1DF-46F1-B4CB-22F018ABACBB}.AppStore|Any CPU.ActiveCfg = Debug|Any CPU
		{6D9590B6-B1DF-46F1-B4CB-22F018ABACBB}.AppStore|Any CPU.Build.0 = Debug|Any CPU
		{6D9590B6-B1DF-46F1-B4CB-22F018ABACBB}.AppStore|iPhone.ActiveCfg = Debug|Any CPU
		{6D9590B6-B1DF-46F1-B4CB-22F018ABACBB}.AppStore|iPhone.Build.0 = Debug|Any CPU
		{6D9590B6-B1DF-46F1-B4CB-22F018ABACBB}.AppStore|iPhoneSimulator.ActiveCfg = Debug|Any CPU
		{6D9590B6-B1DF-46F1-B4CB-22F018ABACBB}.AppStore|iPhoneSimulator.Build.0 = Debug|Any CPU
		{6D9590B6-B1DF-46F1-B4CB-22F018ABACBB}.Debug|Any CPU.ActiveCfg = Debug|Any CPU
		{6D9590B6-B1DF-46F1-B4CB-22F018ABACBB}.Debug|Any CPU.Build.0 = Debug|Any CPU
		{6D9590B6-B1DF-46F1-B4CB-22F018ABACBB}.Debug|iPhone.ActiveCfg = Debug|Any CPU
		{6D9590B6-B1DF-46F1-B4CB-22F018ABACBB}.Debug|iPhone.Build.0 = Debug|Any CPU
		{6D9590B6-B1DF-46F1-B4CB-22F018ABACBB}.Debug|iPhoneSimulator.ActiveCfg = Debug|Any CPU
		{6D9590B6-B1DF-46F1-B4CB-22F018ABACBB}.Debug|iPhoneSimulator.Build.0 = Debug|Any CPU
		{6D9590B6-B1DF-46F1-B4CB-22F018ABACBB}.Release|Any CPU.ActiveCfg = Release|Any CPU
		{6D9590B6-B1DF-46F1-B4CB-22F018ABACBB}.Release|Any CPU.Build.0 = Release|Any CPU
		{6D9590B6-B1DF-46F1-B4CB-22F018ABACBB}.Release|iPhone.ActiveCfg = Release|Any CPU
		{6D9590B6-B1DF-46F1-B4CB-22F018ABACBB}.Release|iPhone.Build.0 = Release|Any CPU
		{6D9590B6-B1DF-46F1-B4CB-22F018ABACBB}.Release|iPhoneSimulator.ActiveCfg = Release|Any CPU
		{6D9590B6-B1DF-46F1-B4CB-22F018ABACBB}.Release|iPhoneSimulator.Build.0 = Release|Any CPU
		{B4667626-F594-47F8-8439-7DCC66131D61}.Ad-Hoc|Any CPU.ActiveCfg = Release|Any CPU
		{B4667626-F594-47F8-8439-7DCC66131D61}.Ad-Hoc|Any CPU.Build.0 = Release|Any CPU
		{B4667626-F594-47F8-8439-7DCC66131D61}.Ad-Hoc|iPhone.ActiveCfg = Release|Any CPU
		{B4667626-F594-47F8-8439-7DCC66131D61}.Ad-Hoc|iPhone.Build.0 = Release|Any CPU
		{B4667626-F594-47F8-8439-7DCC66131D61}.Ad-Hoc|iPhoneSimulator.ActiveCfg = Release|Any CPU
		{B4667626-F594-47F8-8439-7DCC66131D61}.Ad-Hoc|iPhoneSimulator.Build.0 = Release|Any CPU
		{B4667626-F594-47F8-8439-7DCC66131D61}.AppStore|Any CPU.ActiveCfg = Release|Any CPU
		{B4667626-F594-47F8-8439-7DCC66131D61}.AppStore|Any CPU.Build.0 = Release|Any CPU
		{B4667626-F594-47F8-8439-7DCC66131D61}.AppStore|iPhone.ActiveCfg = Release|Any CPU
		{B4667626-F594-47F8-8439-7DCC66131D61}.AppStore|iPhone.Build.0 = Release|Any CPU
		{B4667626-F594-47F8-8439-7DCC66131D61}.AppStore|iPhoneSimulator.ActiveCfg = Release|Any CPU
		{B4667626-F594-47F8-8439-7DCC66131D61}.AppStore|iPhoneSimulator.Build.0 = Release|Any CPU
		{B4667626-F594-47F8-8439-7DCC66131D61}.Debug|Any CPU.ActiveCfg = Debug|Any CPU
		{B4667626-F594-47F8-8439-7DCC66131D61}.Debug|Any CPU.Build.0 = Debug|Any CPU
		{B4667626-F594-47F8-8439-7DCC66131D61}.Debug|iPhone.ActiveCfg = Debug|Any CPU
		{B4667626-F594-47F8-8439-7DCC66131D61}.Debug|iPhone.Build.0 = Debug|Any CPU
		{B4667626-F594-47F8-8439-7DCC66131D61}.Debug|iPhoneSimulator.ActiveCfg = Debug|Any CPU
		{B4667626-F594-47F8-8439-7DCC66131D61}.Debug|iPhoneSimulator.Build.0 = Debug|Any CPU
		{B4667626-F594-47F8-8439-7DCC66131D61}.Release|Any CPU.ActiveCfg = Release|Any CPU
		{B4667626-F594-47F8-8439-7DCC66131D61}.Release|Any CPU.Build.0 = Release|Any CPU
		{B4667626-F594-47F8-8439-7DCC66131D61}.Release|iPhone.ActiveCfg = Release|Any CPU
		{B4667626-F594-47F8-8439-7DCC66131D61}.Release|iPhone.Build.0 = Release|Any CPU
		{B4667626-F594-47F8-8439-7DCC66131D61}.Release|iPhoneSimulator.ActiveCfg = Release|Any CPU
		{B4667626-F594-47F8-8439-7DCC66131D61}.Release|iPhoneSimulator.Build.0 = Release|Any CPU
	EndGlobalSection
	GlobalSection(SolutionProperties) = preSolution
		HideSolutionNode = FALSE
	EndGlobalSection
	GlobalSection(NestedProjects) = preSolution
		{713C565E-08A3-48B2-9CF9-42979A63AD82} = {BC63476D-91C8-4E8A-B7CB-E0275C26241D}
		{579AF04A-AF9C-445E-8937-DD09C92DC037} = {BC63476D-91C8-4E8A-B7CB-E0275C26241D}
		{6930F66F-8227-4CAC-9964-134143FCD703} = {BC63476D-91C8-4E8A-B7CB-E0275C26241D}
		{9C8889FE-1CC5-4132-8182-2F9801410BD7} = {D19EF18C-C513-41C3-B116-F989ABD96E6A}
		{B220B36D-BF29-4DCE-A43C-4E0B950498A5} = {D19EF18C-C513-41C3-B116-F989ABD96E6A}
		{B4667626-F594-47F8-8439-7DCC66131D61} = {BC63476D-91C8-4E8A-B7CB-E0275C26241D}
	EndGlobalSection
	GlobalSection(ExtensibilityGlobals) = postSolution
		SolutionGuid = {163E8B03-25FA-490A-A3AA-46A46FEE0298}
	EndGlobalSection
	GlobalSection(MonoDevelopProperties) = preSolution
		Policies = $0
		$0.TextStylePolicy = $1
		$1.FileWidth = 128
		$1.NoTabsAfterNonTabs = True
		$1.scope = text/x-csharp
		$0.CSharpFormattingPolicy = $2
		$2.SpacingAfterMethodDeclarationName = True
		$2.SpaceAfterMethodCallName = True
		$2.scope = text/x-csharp
		$2.NewLinesForBracesInProperties = False
		$2.NewLinesForBracesInAccessors = False
		$2.NewLinesForBracesInAnonymousMethods = False
		$2.NewLinesForBracesInControlBlocks = False
		$2.NewLinesForBracesInAnonymousTypes = False
		$2.NewLinesForBracesInObjectCollectionArrayInitializers = False
		$2.NewLinesForBracesInLambdaExpressionBody = False
	EndGlobalSection
EndGlobal
